// !$*UTF8*$!
{
	archiveVersion = 1;
	classes = {
	};
	objectVersion = 56;
	objects = {

/* Begin PBXBuildFile section */
		74BACB5D2A79375D00114D74 /* AppDelegate.swift in Sources */ = {isa = PBXBuildFile; fileRef = 74BACB5C2A79375D00114D74 /* AppDelegate.swift */; };
		74BACB5F2A79375D00114D74 /* SceneDelegate.swift in Sources */ = {isa = PBXBuildFile; fileRef = 74BACB5E2A79375D00114D74 /* SceneDelegate.swift */; };
		74BACB612A79375D00114D74 /* ViewController.swift in Sources */ = {isa = PBXBuildFile; fileRef = 74BACB602A79375D00114D74 /* ViewController.swift */; };
		74BACB642A79375D00114D74 /* Main.storyboard in Resources */ = {isa = PBXBuildFile; fileRef = 74BACB622A79375D00114D74 /* Main.storyboard */; };
		74BACB662A79375E00114D74 /* Assets.xcassets in Resources */ = {isa = PBXBuildFile; fileRef = 74BACB652A79375E00114D74 /* Assets.xcassets */; };
		74BACB692A79375E00114D74 /* LaunchScreen.storyboard in Resources */ = {isa = PBXBuildFile; fileRef = 74BACB672A79375E00114D74 /* LaunchScreen.storyboard */; };
		74BACB742A79375F00114D74 /* trafficlightTests.swift in Sources */ = {isa = PBXBuildFile; fileRef = 74BACB732A79375F00114D74 /* trafficlightTests.swift */; };
		74BACB7E2A79375F00114D74 /* trafficlightUITests.swift in Sources */ = {isa = PBXBuildFile; fileRef = 74BACB7D2A79375F00114D74 /* trafficlightUITests.swift */; };
		74BACB802A79375F00114D74 /* trafficlightUITestsLaunchTests.swift in Sources */ = {isa = PBXBuildFile; fileRef = 74BACB7F2A79375F00114D74 /* trafficlightUITestsLaunchTests.swift */; };
/* End PBXBuildFile section */

/* Begin PBXContainerItemProxy section */
		74BACB702A79375F00114D74 /* PBXContainerItemProxy */ = {
			isa = PBXContainerItemProxy;
			containerPortal = 74BACB512A79375D00114D74 /* Project object */;
			proxyType = 1;
			remoteGlobalIDString = 74BACB582A79375D00114D74;
			remoteInfo = trafficlight;
		};
		74BACB7A2A79375F00114D74 /* PBXContainerItemProxy */ = {
			isa = PBXContainerItemProxy;
			containerPortal = 74BACB512A79375D00114D74 /* Project object */;
			proxyType = 1;
			remoteGlobalIDString = 74BACB582A79375D00114D74;
			remoteInfo = trafficlight;
		};
/* End PBXContainerItemProxy section */

/* Begin PBXFileReference section */
		74BACB592A79375D00114D74 /* trafficlight.app */ = {isa = PBXFileReference; explicitFileType = wrapper.application; includeInIndex = 0; path = trafficlight.app; sourceTree = BUILT_PRODUCTS_DIR; };
		74BACB5C2A79375D00114D74 /* AppDelegate.swift */ = {isa = PBXFileReference; lastKnownFileType = sourcecode.swift; path = AppDelegate.swift; sourceTree = "<group>"; };
		74BACB5E2A79375D00114D74 /* SceneDelegate.swift */ = {isa = PBXFileReference; lastKnownFileType = sourcecode.swift; path = SceneDelegate.swift; sourceTree = "<group>"; };
		74BACB602A79375D00114D74 /* ViewController.swift */ = {isa = PBXFileReference; lastKnownFileType = sourcecode.swift; path = ViewController.swift; sourceTree = "<group>"; };
		74BACB632A79375D00114D74 /* Base */ = {isa = PBXFileReference; lastKnownFileType = file.storyboard; name = Base; path = Base.lproj/Main.storyboard; sourceTree = "<group>"; };
		74BACB652A79375E00114D74 /* Assets.xcassets */ = {isa = PBXFileReference; lastKnownFileType = folder.assetcatalog; path = Assets.xcassets; sourceTree = "<group>"; };
		74BACB682A79375E00114D74 /* Base */ = {isa = PBXFileReference; lastKnownFileType = file.storyboard; name = Base; path = Base.lproj/LaunchScreen.storyboard; sourceTree = "<group>"; };
		74BACB6A2A79375E00114D74 /* Info.plist */ = {isa = PBXFileReference; lastKnownFileType = text.plist.xml; path = Info.plist; sourceTree = "<group>"; };
		74BACB6F2A79375F00114D74 /* trafficlightTests.xctest */ = {isa = PBXFileReference; explicitFileType = wrapper.cfbundle; includeInIndex = 0; path = trafficlightTests.xctest; sourceTree = BUILT_PRODUCTS_DIR; };
		74BACB732A79375F00114D74 /* trafficlightTests.swift */ = {isa = PBXFileReference; lastKnownFileType = sourcecode.swift; path = trafficlightTests.swift; sourceTree = "<group>"; };
		74BACB792A79375F00114D74 /* trafficlightUITests.xctest */ = {isa = PBXFileReference; explicitFileType = wrapper.cfbundle; includeInIndex = 0; path = trafficlightUITests.xctest; sourceTree = BUILT_PRODUCTS_DIR; };
		74BACB7D2A79375F00114D74 /* trafficlightUITests.swift */ = {isa = PBXFileReference; lastKnownFileType = sourcecode.swift; path = trafficlightUITests.swift; sourceTree = "<group>"; };
		74BACB7F2A79375F00114D74 /* trafficlightUITestsLaunchTests.swift */ = {isa = PBXFileReference; lastKnownFileType = sourcecode.swift; path = trafficlightUITestsLaunchTests.swift; sourceTree = "<group>"; };
/* End PBXFileReference section */

/* Begin PBXFrameworksBuildPhase section */
		74BACB562A79375D00114D74 /* Frameworks */ = {
			isa = PBXFrameworksBuildPhase;
			buildActionMask = 2147483647;
			files = (
			);
			runOnlyForDeploymentPostprocessing = 0;
		};
		74BACB6C2A79375F00114D74 /* Frameworks */ = {
			isa = PBXFrameworksBuildPhase;
			buildActionMask = 2147483647;
			files = (
			);
			runOnlyForDeploymentPostprocessing = 0;
		};
		74BACB762A79375F00114D74 /* Frameworks */ = {
			isa = PBXFrameworksBuildPhase;
			buildActionMask = 2147483647;
			files = (
			);
			runOnlyForDeploymentPostprocessing = 0;
		};
/* End PBXFrameworksBuildPhase section */

/* Begin PBXGroup section */
		74BACB502A79375D00114D74 = {
			isa = PBXGroup;
			children = (
				74BACB5B2A79375D00114D74 /* trafficlight */,
				74BACB722A79375F00114D74 /* trafficlightTests */,
				74BACB7C2A79375F00114D74 /* trafficlightUITests */,
				74BACB5A2A79375D00114D74 /* Products */,
			);
			sourceTree = "<group>";
		};
		74BACB5A2A79375D00114D74 /* Products */ = {
			isa = PBXGroup;
			children = (
				74BACB592A79375D00114D74 /* trafficlight.app */,
				74BACB6F2A79375F00114D74 /* trafficlightTests.xctest */,
				74BACB792A79375F00114D74 /* trafficlightUITests.xctest */,
			);
			name = Products;
			sourceTree = "<group>";
		};
		74BACB5B2A79375D00114D74 /* trafficlight */ = {
			isa = PBXGroup;
			children = (
				74BACB5C2A79375D00114D74 /* AppDelegate.swift */,
				74BACB5E2A79375D00114D74 /* SceneDelegate.swift */,
				74BACB602A79375D00114D74 /* ViewController.swift */,
				74BACB622A79375D00114D74 /* Main.storyboard */,
				74BACB652A79375E00114D74 /* Assets.xcassets */,
				74BACB672A79375E00114D74 /* LaunchScreen.storyboard */,
				74BACB6A2A79375E00114D74 /* Info.plist */,
			);
			path = trafficlight;
			sourceTree = "<group>";
		};
		74BACB722A79375F00114D74 /* trafficlightTests */ = {
			isa = PBXGroup;
			children = (
				74BACB732A79375F00114D74 /* trafficlightTests.swift */,
			);
			path = trafficlightTests;
			sourceTree = "<group>";
		};
		74BACB7C2A79375F00114D74 /* trafficlightUITests */ = {
			isa = PBXGroup;
			children = (
				74BACB7D2A79375F00114D74 /* trafficlightUITests.swift */,
				74BACB7F2A79375F00114D74 /* trafficlightUITestsLaunchTests.swift */,
			);
			path = trafficlightUITests;
			sourceTree = "<group>";
		};
/* End PBXGroup section */

/* Begin PBXNativeTarget section */
		74BACB582A79375D00114D74 /* trafficlight */ = {
			isa = PBXNativeTarget;
			buildConfigurationList = 74BACB832A79375F00114D74 /* Build configuration list for PBXNativeTarget "trafficlight" */;
			buildPhases = (
				74BACB552A79375D00114D74 /* Sources */,
				74BACB562A79375D00114D74 /* Frameworks */,
				74BACB572A79375D00114D74 /* Resources */,
			);
			buildRules = (
			);
			dependencies = (
			);
			name = trafficlight;
			productName = trafficlight;
			productReference = 74BACB592A79375D00114D74 /* trafficlight.app */;
			productType = "com.apple.product-type.application";
		};
		74BACB6E2A79375F00114D74 /* trafficlightTests */ = {
			isa = PBXNativeTarget;
			buildConfigurationList = 74BACB862A79375F00114D74 /* Build configuration list for PBXNativeTarget "trafficlightTests" */;
			buildPhases = (
				74BACB6B2A79375F00114D74 /* Sources */,
				74BACB6C2A79375F00114D74 /* Frameworks */,
				74BACB6D2A79375F00114D74 /* Resources */,
			);
			buildRules = (
			);
			dependencies = (
				74BACB712A79375F00114D74 /* PBXTargetDependency */,
			);
			name = trafficlightTests;
			productName = trafficlightTests;
			productReference = 74BACB6F2A79375F00114D74 /* trafficlightTests.xctest */;
			productType = "com.apple.product-type.bundle.unit-test";
		};
		74BACB782A79375F00114D74 /* trafficlightUITests */ = {
			isa = PBXNativeTarget;
			buildConfigurationList = 74BACB892A79375F00114D74 /* Build configuration list for PBXNativeTarget "trafficlightUITests" */;
			buildPhases = (
				74BACB752A79375F00114D74 /* Sources */,
				74BACB762A79375F00114D74 /* Frameworks */,
				74BACB772A79375F00114D74 /* Resources */,
			);
			buildRules = (
			);
			dependencies = (
				74BACB7B2A79375F00114D74 /* PBXTargetDependency */,
			);
			name = trafficlightUITests;
			productName = trafficlightUITests;
			productReference = 74BACB792A79375F00114D74 /* trafficlightUITests.xctest */;
			productType = "com.apple.product-type.bundle.ui-testing";
		};
/* End PBXNativeTarget section */

/* Begin PBXProject section */
		74BACB512A79375D00114D74 /* Project object */ = {
			isa = PBXProject;
			attributes = {
				BuildIndependentTargetsInParallel = 1;
				LastSwiftUpdateCheck = 1420;
				LastUpgradeCheck = 1420;
				TargetAttributes = {
					74BACB582A79375D00114D74 = {
						CreatedOnToolsVersion = 14.2;
					};
					74BACB6E2A79375F00114D74 = {
						CreatedOnToolsVersion = 14.2;
						TestTargetID = 74BACB582A79375D00114D74;
					};
					74BACB782A79375F00114D74 = {
						CreatedOnToolsVersion = 14.2;
						TestTargetID = 74BACB582A79375D00114D74;
					};
				};
			};
			buildConfigurationList = 74BACB542A79375D00114D74 /* Build configuration list for PBXProject "trafficlight" */;
			compatibilityVersion = "Xcode 14.0";
			developmentRegion = en;
			hasScannedForEncodings = 0;
			knownRegions = (
				en,
				Base,
			);
			mainGroup = 74BACB502A79375D00114D74;
			productRefGroup = 74BACB5A2A79375D00114D74 /* Products */;
			projectDirPath = "";
			projectRoot = "";
			targets = (
				74BACB582A79375D00114D74 /* trafficlight */,
				74BACB6E2A79375F00114D74 /* trafficlightTests */,
				74BACB782A79375F00114D74 /* trafficlightUITests */,
			);
		};
/* End PBXProject section */

/* Begin PBXResourcesBuildPhase section */
		74BACB572A79375D00114D74 /* Resources */ = {
			isa = PBXResourcesBuildPhase;
			buildActionMask = 2147483647;
			files = (
				74BACB692A79375E00114D74 /* LaunchScreen.storyboard in Resources */,
				74BACB662A79375E00114D74 /* Assets.xcassets in Resources */,
				74BACB642A79375D00114D74 /* Main.storyboard in Resources */,
			);
			runOnlyForDeploymentPostprocessing = 0;
		};
		74BACB6D2A79375F00114D74 /* Resources */ = {
			isa = PBXResourcesBuildPhase;
			buildActionMask = 2147483647;
			files = (
			);
			runOnlyForDeploymentPostprocessing = 0;
		};
		74BACB772A79375F00114D74 /* Resources */ = {
			isa = PBXResourcesBuildPhase;
			buildActionMask = 2147483647;
			files = (
			);
			runOnlyForDeploymentPostprocessing = 0;
		};
/* End PBXResourcesBuildPhase section */

/* Begin PBXSourcesBuildPhase section */
		74BACB552A79375D00114D74 /* Sources */ = {
			isa = PBXSourcesBuildPhase;
			buildActionMask = 2147483647;
			files = (
				74BACB612A79375D00114D74 /* ViewController.swift in Sources */,
				74BACB5D2A79375D00114D74 /* AppDelegate.swift in Sources */,
				74BACB5F2A79375D00114D74 /* SceneDelegate.swift in Sources */,
			);
			runOnlyForDeploymentPostprocessing = 0;
		};
		74BACB6B2A79375F00114D74 /* Sources */ = {
			isa = PBXSourcesBuildPhase;
			buildActionMask = 2147483647;
			files = (
				74BACB742A79375F00114D74 /* trafficlightTests.swift in Sources */,
			);
			runOnlyForDeploymentPostprocessing = 0;
		};
		74BACB752A79375F00114D74 /* Sources */ = {
			isa = PBXSourcesBuildPhase;
			buildActionMask = 2147483647;
			files = (
				74BACB7E2A79375F00114D74 /* trafficlightUITests.swift in Sources */,
				74BACB802A79375F00114D74 /* trafficlightUITestsLaunchTests.swift in Sources */,
			);
			runOnlyForDeploymentPostprocessing = 0;
		};
/* End PBXSourcesBuildPhase section */

/* Begin PBXTargetDependency section */
		74BACB712A79375F00114D74 /* PBXTargetDependency */ = {
			isa = PBXTargetDependency;
			target = 74BACB582A79375D00114D74 /* trafficlight */;
			targetProxy = 74BACB702A79375F00114D74 /* PBXContainerItemProxy */;
		};
		74BACB7B2A79375F00114D74 /* PBXTargetDependency */ = {
			isa = PBXTargetDependency;
			target = 74BACB582A79375D00114D74 /* trafficlight */;
			targetProxy = 74BACB7A2A79375F00114D74 /* PBXContainerItemProxy */;
		};
/* End PBXTargetDependency section */

/* Begin PBXVariantGroup section */
		74BACB622A79375D00114D74 /* Main.storyboard */ = {
			isa = PBXVariantGroup;
			children = (
				74BACB632A79375D00114D74 /* Base */,
			);
			name = Main.storyboard;
			sourceTree = "<group>";
		};
		74BACB672A79375E00114D74 /* LaunchScreen.storyboard */ = {
			isa = PBXVariantGroup;
			children = (
				74BACB682A79375E00114D74 /* Base */,
			);
			name = LaunchScreen.storyboard;
			sourceTree = "<group>";
		};
/* End PBXVariantGroup section */

/* Begin XCBuildConfiguration section */
		74BACB812A79375F00114D74 /* Debug */ = {
			isa = XCBuildConfiguration;
			buildSettings = {
				ALWAYS_SEARCH_USER_PATHS = NO;
				CLANG_ANALYZER_NONNULL = YES;
				CLANG_ANALYZER_NUMBER_OBJECT_CONVERSION = YES_AGGRESSIVE;
				CLANG_CXX_LANGUAGE_STANDARD = "gnu++20";
				CLANG_ENABLE_MODULES = YES;
				CLANG_ENABLE_OBJC_ARC = YES;
				CLANG_ENABLE_OBJC_WEAK = YES;
				CLANG_WARN_BLOCK_CAPTURE_AUTORELEASING = YES;
				CLANG_WARN_BOOL_CONVERSION = YES;
				CLANG_WARN_COMMA = YES;
				CLANG_WARN_CONSTANT_CONVERSION = YES;
				CLANG_WARN_DEPRECATED_OBJC_IMPLEMENTATIONS = YES;
				CLANG_WARN_DIRECT_OBJC_ISA_USAGE = YES_ERROR;
				CLANG_WARN_DOCUMENTATION_COMMENTS = YES;
				CLANG_WARN_EMPTY_BODY = YES;
				CLANG_WARN_ENUM_CONVERSION = YES;
				CLANG_WARN_INFINITE_RECURSION = YES;
				CLANG_WARN_INT_CONVERSION = YES;
				CLANG_WARN_NON_LITERAL_NULL_CONVERSION = YES;
				CLANG_WARN_OBJC_IMPLICIT_RETAIN_SELF = YES;
				CLANG_WARN_OBJC_LITERAL_CONVERSION = YES;
				CLANG_WARN_OBJC_ROOT_CLASS = YES_ERROR;
				CLANG_WARN_QUOTED_INCLUDE_IN_FRAMEWORK_HEADER = YES;
				CLANG_WARN_RANGE_LOOP_ANALYSIS = YES;
				CLANG_WARN_STRICT_PROTOTYPES = YES;
				CLANG_WARN_SUSPICIOUS_MOVE = YES;
				CLANG_WARN_UNGUARDED_AVAILABILITY = YES_AGGRESSIVE;
				CLANG_WARN_UNREACHABLE_CODE = YES;
				CLANG_WARN__DUPLICATE_METHOD_MATCH = YES;
				COPY_PHASE_STRIP = NO;
				DEBUG_INFORMATION_FORMAT = dwarf;
				ENABLE_STRICT_OBJC_MSGSEND = YES;
				ENABLE_TESTABILITY = YES;
				GCC_C_LANGUAGE_STANDARD = gnu11;
				GCC_DYNAMIC_NO_PIC = NO;
				GCC_NO_COMMON_BLOCKS = YES;
				GCC_OPTIMIZATION_LEVEL = 0;
				GCC_PREPROCESSOR_DEFINITIONS = (
					"DEBUG=1",
					"$(inherited)",
				);
				GCC_WARN_64_TO_32_BIT_CONVERSION = YES;
				GCC_WARN_ABOUT_RETURN_TYPE = YES_ERROR;
				GCC_WARN_UNDECLARED_SELECTOR = YES;
				GCC_WARN_UNINITIALIZED_AUTOS = YES_AGGRESSIVE;
				GCC_WARN_UNUSED_FUNCTION = YES;
				GCC_WARN_UNUSED_VARIABLE = YES;
				IPHONEOS_DEPLOYMENT_TARGET = 16.2;
				MTL_ENABLE_DEBUG_INFO = INCLUDE_SOURCE;
				MTL_FAST_MATH = YES;
				ONLY_ACTIVE_ARCH = YES;
				SDKROOT = iphoneos;
				SWIFT_ACTIVE_COMPILATION_CONDITIONS = DEBUG;
				SWIFT_OPTIMIZATION_LEVEL = "-Onone";
			};
			name = Debug;
		};
		74BACB822A79375F00114D74 /* Release */ = {
			isa = XCBuildConfiguration;
			buildSettings = {
				ALWAYS_SEARCH_USER_PATHS = NO;
				CLANG_ANALYZER_NONNULL = YES;
				CLANG_ANALYZER_NUMBER_OBJECT_CONVERSION = YES_AGGRESSIVE;
				CLANG_CXX_LANGUAGE_STANDARD = "gnu++20";
				CLANG_ENABLE_MODULES = YES;
				CLANG_ENABLE_OBJC_ARC = YES;
				CLANG_ENABLE_OBJC_WEAK = YES;
				CLANG_WARN_BLOCK_CAPTURE_AUTORELEASING = YES;
				CLANG_WARN_BOOL_CONVERSION = YES;
				CLANG_WARN_COMMA = YES;
				CLANG_WARN_CONSTANT_CONVERSION = YES;
				CLANG_WARN_DEPRECATED_OBJC_IMPLEMENTATIONS = YES;
				CLANG_WARN_DIRECT_OBJC_ISA_USAGE = YES_ERROR;
				CLANG_WARN_DOCUMENTATION_COMMENTS = YES;
				CLANG_WARN_EMPTY_BODY = YES;
				CLANG_WARN_ENUM_CONVERSION = YES;
				CLANG_WARN_INFINITE_RECURSION = YES;
				CLANG_WARN_INT_CONVERSION = YES;
				CLANG_WARN_NON_LITERAL_NULL_CONVERSION = YES;
				CLANG_WARN_OBJC_IMPLICIT_RETAIN_SELF = YES;
				CLANG_WARN_OBJC_LITERAL_CONVERSION = YES;
				CLANG_WARN_OBJC_ROOT_CLASS = YES_ERROR;
				CLANG_WARN_QUOTED_INCLUDE_IN_FRAMEWORK_HEADER = YES;
				CLANG_WARN_RANGE_LOOP_ANALYSIS = YES;
				CLANG_WARN_STRICT_PROTOTYPES = YES;
				CLANG_WARN_SUSPICIOUS_MOVE = YES;
				CLANG_WARN_UNGUARDED_AVAILABILITY = YES_AGGRESSIVE;
				CLANG_WARN_UNREACHABLE_CODE = YES;
				CLANG_WARN__DUPLICATE_METHOD_MATCH = YES;
				COPY_PHASE_STRIP = NO;
				DEBUG_INFORMATION_FORMAT = "dwarf-with-dsym";
				ENABLE_NS_ASSERTIONS = NO;
				ENABLE_STRICT_OBJC_MSGSEND = YES;
				GCC_C_LANGUAGE_STANDARD = gnu11;
				GCC_NO_COMMON_BLOCKS = YES;
				GCC_WARN_64_TO_32_BIT_CONVERSION = YES;
				GCC_WARN_ABOUT_RETURN_TYPE = YES_ERROR;
				GCC_WARN_UNDECLARED_SELECTOR = YES;
				GCC_WARN_UNINITIALIZED_AUTOS = YES_AGGRESSIVE;
				GCC_WARN_UNUSED_FUNCTION = YES;
				GCC_WARN_UNUSED_VARIABLE = YES;
				IPHONEOS_DEPLOYMENT_TARGET = 16.2;
				MTL_ENABLE_DEBUG_INFO = NO;
				MTL_FAST_MATH = YES;
				SDKROOT = iphoneos;
				SWIFT_COMPILATION_MODE = wholemodule;
				SWIFT_OPTIMIZATION_LEVEL = "-O";
				VALIDATE_PRODUCT = YES;
			};
			name = Release;
		};
		74BACB842A79375F00114D74 /* Debug */ = {
			isa = XCBuildConfiguration;
			buildSettings = {
				ASSETCATALOG_COMPILER_APPICON_NAME = AppIcon;
				ASSETCATALOG_COMPILER_GLOBAL_ACCENT_COLOR_NAME = AccentColor;
				CODE_SIGN_STYLE = Automatic;
				CURRENT_PROJECT_VERSION = 1;
				DEVELOPMENT_TEAM = 845GK6SSPF;
				GENERATE_INFOPLIST_FILE = YES;
				INFOPLIST_FILE = trafficlight/Info.plist;
				INFOPLIST_KEY_UIApplicationSupportsIndirectInputEvents = YES;
				INFOPLIST_KEY_UILaunchStoryboardName = LaunchScreen;
				INFOPLIST_KEY_UIMainStoryboardFile = Main;
				INFOPLIST_KEY_UISupportedInterfaceOrientations_iPad = "UIInterfaceOrientationPortrait UIInterfaceOrientationPortraitUpsideDown UIInterfaceOrientationLandscapeLeft UIInterfaceOrientationLandscapeRight";
				INFOPLIST_KEY_UISupportedInterfaceOrientations_iPhone = "UIInterfaceOrientationPortrait UIInterfaceOrientationLandscapeLeft UIInterfaceOrientationLandscapeRight";
				LD_RUNPATH_SEARCH_PATHS = (
					"$(inherited)",
					"@executable_path/Frameworks",
				);
				MARKETING_VERSION = 1.0;
				PRODUCT_BUNDLE_IDENTIFIER = long.com.trafficlight;
				PRODUCT_NAME = "$(TARGET_NAME)";
				SWIFT_EMIT_LOC_STRINGS = YES;
				SWIFT_VERSION = 5.0;
				TARGETED_DEVICE_FAMILY = "1,2";
			};
			name = Debug;
		};
		74BACB852A79375F00114D74 /* Release */ = {
			isa = XCBuildConfiguration;
			buildSettings = {
				ASSETCATALOG_COMPILER_APPICON_NAME = AppIcon;
				ASSETCATALOG_COMPILER_GLOBAL_ACCENT_COLOR_NAME = AccentColor;
				CODE_SIGN_STYLE = Automatic;
				CURRENT_PROJECT_VERSION = 1;
				DEVELOPMENT_TEAM = 845GK6SSPF;
				GENERATE_INFOPLIST_FILE = YES;
				INFOPLIST_FILE = trafficlight/Info.plist;
				INFOPLIST_KEY_UIApplicationSupportsIndirectInputEvents = YES;
				INFOPLIST_KEY_UILaunchStoryboardName = LaunchScreen;
				INFOPLIST_KEY_UIMainStoryboardFile = Main;
				INFOPLIST_KEY_UISupportedInterfaceOrientations_iPad = "UIInterfaceOrientationPortrait UIInterfaceOrientationPortraitUpsideDown UIInterfaceOrientationLandscapeLeft UIInterfaceOrientationLandscapeRight";
				INFOPLIST_KEY_UISupportedInterfaceOrientations_iPhone = "UIInterfaceOrientationPortrait UIInterfaceOrientationLandscapeLeft UIInterfaceOrientationLandscapeRight";
				LD_RUNPATH_SEARCH_PATHS = (
					"$(inherited)",
					"@executable_path/Frameworks",
				);
				MARKETING_VERSION = 1.0;
				PRODUCT_BUNDLE_IDENTIFIER = long.com.trafficlight;
				PRODUCT_NAME = "$(TARGET_NAME)";
				SWIFT_EMIT_LOC_STRINGS = YES;
				SWIFT_VERSION = 5.0;
				TARGETED_DEVICE_FAMILY = "1,2";
			};
			name = Release;
		};
		74BACB872A79375F00114D74 /* Debug */ = {
			isa = XCBuildConfiguration;
			buildSettings = {
				ALWAYS_EMBED_SWIFT_STANDARD_LIBRARIES = YES;
				BUNDLE_LOADER = "$(TEST_HOST)";
				CODE_SIGN_STYLE = Automatic;
				CURRENT_PROJECT_VERSION = 1;
				DEVELOPMENT_TEAM = 845GK6SSPF;
				GENERATE_INFOPLIST_FILE = YES;
				IPHONEOS_DEPLOYMENT_TARGET = 16.2;
				MARKETING_VERSION = 1.0;
				PRODUCT_BUNDLE_IDENTIFIER = long.com.trafficlightTests;
				PRODUCT_NAME = "$(TARGET_NAME)";
				SWIFT_EMIT_LOC_STRINGS = NO;
				SWIFT_VERSION = 5.0;
				TARGETED_DEVICE_FAMILY = "1,2";
				TEST_HOST = "$(BUILT_PRODUCTS_DIR)/trafficlight.app/$(BUNDLE_EXECUTABLE_FOLDER_PATH)/trafficlight";
			};
			name = Debug;
		};
		74BACB882A79375F00114D74 /* Release */ = {
			isa = XCBuildConfiguration;
			buildSettings = {
				ALWAYS_EMBED_SWIFT_STANDARD_LIBRARIES = YES;
				BUNDLE_LOADER = "$(TEST_HOST)";
				CODE_SIGN_STYLE = Automatic;
				CURRENT_PROJECT_VERSION = 1;
				DEVELOPMENT_TEAM = 845GK6SSPF;
				GENERATE_INFOPLIST_FILE = YES;
				IPHONEOS_DEPLOYMENT_TARGET = 16.2;
				MARKETING_VERSION = 1.0;
				PRODUCT_BUNDLE_IDENTIFIER = long.com.trafficlightTests;
				PRODUCT_NAME = "$(TARGET_NAME)";
				SWIFT_EMIT_LOC_STRINGS = NO;
				SWIFT_VERSION = 5.0;
				TARGETED_DEVICE_FAMILY = "1,2";
				TEST_HOST = "$(BUILT_PRODUCTS_DIR)/trafficlight.app/$(BUNDLE_EXECUTABLE_FOLDER_PATH)/trafficlight";
			};
			name = Release;
		};
		74BACB8A2A79375F00114D74 /* Debug */ = {
			isa = XCBuildConfiguration;
			buildSettings = {
				ALWAYS_EMBED_SWIFT_STANDARD_LIBRARIES = YES;
				CODE_SIGN_STYLE = Automatic;
				CURRENT_PROJECT_VERSION = 1;
				DEVELOPMENT_TEAM = 845GK6SSPF;
				GENERATE_INFOPLIST_FILE = YES;
				MARKETING_VERSION = 1.0;
				PRODUCT_BUNDLE_IDENTIFIER = long.com.trafficlightUITests;
				PRODUCT_NAME = "$(TARGET_NAME)";
				SWIFT_EMIT_LOC_STRINGS = NO;
				SWIFT_VERSION = 5.0;
				TARGETED_DEVICE_FAMILY = "1,2";
				TEST_TARGET_NAME = trafficlight;
			};
			name = Debug;
		};
		74BACB8B2A79375F00114D74 /* Release */ = {
			isa = XCBuildConfiguration;
			buildSettings = {
				ALWAYS_EMBED_SWIFT_STANDARD_LIBRARIES = YES;
				CODE_SIGN_STYLE = Automatic;
				CURRENT_PROJECT_VERSION = 1;
				DEVELOPMENT_TEAM = 845GK6SSPF;
				GENERATE_INFOPLIST_FILE = YES;
				MARKETING_VERSION = 1.0;
				PRODUCT_BUNDLE_IDENTIFIER = long.com.trafficlightUITests;
				PRODUCT_NAME = "$(TARGET_NAME)";
				SWIFT_EMIT_LOC_STRINGS = NO;
				SWIFT_VERSION = 5.0;
				TARGETED_DEVICE_FAMILY = "1,2";
				TEST_TARGET_NAME = trafficlight;
			};
			name = Release;
		};
/* End XCBuildConfiguration section */

/* Begin XCConfigurationList section */
		74BACB542A79375D00114D74 /* Build configuration list for PBXProject "trafficlight" */ = {
			isa = XCConfigurationList;
			buildConfigurations = (
				74BACB812A79375F00114D74 /* Debug */,
				74BACB822A79375F00114D74 /* Release */,
			);
			defaultConfigurationIsVisible = 0;
			defaultConfigurationName = Release;
		};
		74BACB832A79375F00114D74 /* Build configuration list for PBXNativeTarget "trafficlight" */ = {
			isa = XCConfigurationList;
			buildConfigurations = (
				74BACB842A79375F00114D74 /* Debug */,
				74BACB852A79375F00114D74 /* Release */,
			);
			defaultConfigurationIsVisible = 0;
			defaultConfigurationName = Release;
		};
		74BACB862A79375F00114D74 /* Build configuration list for PBXNativeTarget "trafficlightTests" */ = {
			isa = XCConfigurationList;
			buildConfigurations = (
				74BACB872A79375F00114D74 /* Debug */,
				74BACB882A79375F00114D74 /* Release */,
			);
			defaultConfigurationIsVisible = 0;
			defaultConfigurationName = Release;
		};
		74BACB892A79375F00114D74 /* Build configuration list for PBXNativeTarget "trafficlightUITests" */ = {
			isa = XCConfigurationList;
			buildConfigurations = (
				74BACB8A2A79375F00114D74 /* Debug */,
				74BACB8B2A79375F00114D74 /* Release */,
			);
			defaultConfigurationIsVisible = 0;
			defaultConfigurationName = Release;
		};
/* End XCConfigurationList section */
	};
	rootObject = 74BACB512A79375D00114D74 /* Project object */;
}
