// !$*UTF8*$!
{
	archiveVersion = 1;
	classes = {
	};
	objectVersion = 56;
	objects = {

/* Begin PBXBuildFile section */
		7400125D2A65AD5E00FECBC8 /* AppDelegate.swift in Sources */ = {isa = PBXBuildFile; fileRef = 7400125C2A65AD5E00FECBC8 /* AppDelegate.swift */; };
		7400125F2A65AD5E00FECBC8 /* SceneDelegate.swift in Sources */ = {isa = PBXBuildFile; fileRef = 7400125E2A65AD5E00FECBC8 /* SceneDelegate.swift */; };
		740012612A65AD5E00FECBC8 /* ViewController.swift in Sources */ = {isa = PBXBuildFile; fileRef = 740012602A65AD5E00FECBC8 /* ViewController.swift */; };
		740012642A65AD5E00FECBC8 /* Main.storyboard in Resources */ = {isa = PBXBuildFile; fileRef = 740012622A65AD5E00FECBC8 /* Main.storyboard */; };
		740012662A65AD5F00FECBC8 /* Assets.xcassets in Resources */ = {isa = PBXBuildFile; fileRef = 740012652A65AD5F00FECBC8 /* Assets.xcassets */; };
		740012692A65AD5F00FECBC8 /* LaunchScreen.storyboard in Resources */ = {isa = PBXBuildFile; fileRef = 740012672A65AD5F00FECBC8 /* LaunchScreen.storyboard */; };
		740012742A65AD5F00FECBC8 /* IamRichTests.swift in Sources */ = {isa = PBXBuildFile; fileRef = 740012732A65AD5F00FECBC8 /* IamRichTests.swift */; };
		7400127E2A65AD5F00FECBC8 /* IamRichUITests.swift in Sources */ = {isa = PBXBuildFile; fileRef = 7400127D2A65AD5F00FECBC8 /* IamRichUITests.swift */; };
		740012802A65AD5F00FECBC8 /* IamRichUITestsLaunchTests.swift in Sources */ = {isa = PBXBuildFile; fileRef = 7400127F2A65AD5F00FECBC8 /* IamRichUITestsLaunchTests.swift */; };
/* End PBXBuildFile section */

/* Begin PBXContainerItemProxy section */
		740012702A65AD5F00FECBC8 /* PBXContainerItemProxy */ = {
			isa = PBXContainerItemProxy;
			containerPortal = 740012512A65AD5E00FECBC8 /* Project object */;
			proxyType = 1;
			remoteGlobalIDString = 740012582A65AD5E00FECBC8;
			remoteInfo = IamRich;
		};
		7400127A2A65AD5F00FECBC8 /* PBXContainerItemProxy */ = {
			isa = PBXContainerItemProxy;
			containerPortal = 740012512A65AD5E00FECBC8 /* Project object */;
			proxyType = 1;
			remoteGlobalIDString = 740012582A65AD5E00FECBC8;
			remoteInfo = IamRich;
		};
/* End PBXContainerItemProxy section */

/* Begin PBXFileReference section */
		740012592A65AD5E00FECBC8 /* IamRich.app */ = {isa = PBXFileReference; explicitFileType = wrapper.application; includeInIndex = 0; path = IamRich.app; sourceTree = BUILT_PRODUCTS_DIR; };
		7400125C2A65AD5E00FECBC8 /* AppDelegate.swift */ = {isa = PBXFileReference; lastKnownFileType = sourcecode.swift; path = AppDelegate.swift; sourceTree = "<group>"; };
		7400125E2A65AD5E00FECBC8 /* SceneDelegate.swift */ = {isa = PBXFileReference; lastKnownFileType = sourcecode.swift; path = SceneDelegate.swift; sourceTree = "<group>"; };
		740012602A65AD5E00FECBC8 /* ViewController.swift */ = {isa = PBXFileReference; lastKnownFileType = sourcecode.swift; path = ViewController.swift; sourceTree = "<group>"; };
		740012632A65AD5E00FECBC8 /* Base */ = {isa = PBXFileReference; lastKnownFileType = file.storyboard; name = Base; path = Base.lproj/Main.storyboard; sourceTree = "<group>"; };
		740012652A65AD5F00FECBC8 /* Assets.xcassets */ = {isa = PBXFileReference; lastKnownFileType = folder.assetcatalog; path = Assets.xcassets; sourceTree = "<group>"; };
		740012682A65AD5F00FECBC8 /* Base */ = {isa = PBXFileReference; lastKnownFileType = file.storyboard; name = Base; path = Base.lproj/LaunchScreen.storyboard; sourceTree = "<group>"; };
		7400126A2A65AD5F00FECBC8 /* Info.plist */ = {isa = PBXFileReference; lastKnownFileType = text.plist.xml; path = Info.plist; sourceTree = "<group>"; };
		7400126F2A65AD5F00FECBC8 /* IamRichTests.xctest */ = {isa = PBXFileReference; explicitFileType = wrapper.cfbundle; includeInIndex = 0; path = IamRichTests.xctest; sourceTree = BUILT_PRODUCTS_DIR; };
		740012732A65AD5F00FECBC8 /* IamRichTests.swift */ = {isa = PBXFileReference; lastKnownFileType = sourcecode.swift; path = IamRichTests.swift; sourceTree = "<group>"; };
		740012792A65AD5F00FECBC8 /* IamRichUITests.xctest */ = {isa = PBXFileReference; explicitFileType = wrapper.cfbundle; includeInIndex = 0; path = IamRichUITests.xctest; sourceTree = BUILT_PRODUCTS_DIR; };
		7400127D2A65AD5F00FECBC8 /* IamRichUITests.swift */ = {isa = PBXFileReference; lastKnownFileType = sourcecode.swift; path = IamRichUITests.swift; sourceTree = "<group>"; };
		7400127F2A65AD5F00FECBC8 /* IamRichUITestsLaunchTests.swift */ = {isa = PBXFileReference; lastKnownFileType = sourcecode.swift; path = IamRichUITestsLaunchTests.swift; sourceTree = "<group>"; };
/* End PBXFileReference section */

/* Begin PBXFrameworksBuildPhase section */
		740012562A65AD5E00FECBC8 /* Frameworks */ = {
			isa = PBXFrameworksBuildPhase;
			buildActionMask = 2147483647;
			files = (
			);
			runOnlyForDeploymentPostprocessing = 0;
		};
		7400126C2A65AD5F00FECBC8 /* Frameworks */ = {
			isa = PBXFrameworksBuildPhase;
			buildActionMask = 2147483647;
			files = (
			);
			runOnlyForDeploymentPostprocessing = 0;
		};
		740012762A65AD5F00FECBC8 /* Frameworks */ = {
			isa = PBXFrameworksBuildPhase;
			buildActionMask = 2147483647;
			files = (
			);
			runOnlyForDeploymentPostprocessing = 0;
		};
/* End PBXFrameworksBuildPhase section */

/* Begin PBXGroup section */
		740012502A65AD5E00FECBC8 = {
			isa = PBXGroup;
			children = (
				7400125B2A65AD5E00FECBC8 /* IamRich */,
				740012722A65AD5F00FECBC8 /* IamRichTests */,
				7400127C2A65AD5F00FECBC8 /* IamRichUITests */,
				7400125A2A65AD5E00FECBC8 /* Products */,
			);
			sourceTree = "<group>";
		};
		7400125A2A65AD5E00FECBC8 /* Products */ = {
			isa = PBXGroup;
			children = (
				740012592A65AD5E00FECBC8 /* IamRich.app */,
				7400126F2A65AD5F00FECBC8 /* IamRichTests.xctest */,
				740012792A65AD5F00FECBC8 /* IamRichUITests.xctest */,
			);
			name = Products;
			sourceTree = "<group>";
		};
		7400125B2A65AD5E00FECBC8 /* IamRich */ = {
			isa = PBXGroup;
			children = (
				7400125C2A65AD5E00FECBC8 /* AppDelegate.swift */,
				7400125E2A65AD5E00FECBC8 /* SceneDelegate.swift */,
				740012602A65AD5E00FECBC8 /* ViewController.swift */,
				740012622A65AD5E00FECBC8 /* Main.storyboard */,
				740012652A65AD5F00FECBC8 /* Assets.xcassets */,
				740012672A65AD5F00FECBC8 /* LaunchScreen.storyboard */,
				7400126A2A65AD5F00FECBC8 /* Info.plist */,
			);
			path = IamRich;
			sourceTree = "<group>";
		};
		740012722A65AD5F00FECBC8 /* IamRichTests */ = {
			isa = PBXGroup;
			children = (
				740012732A65AD5F00FECBC8 /* IamRichTests.swift */,
			);
			path = IamRichTests;
			sourceTree = "<group>";
		};
		7400127C2A65AD5F00FECBC8 /* IamRichUITests */ = {
			isa = PBXGroup;
			children = (
				7400127D2A65AD5F00FECBC8 /* IamRichUITests.swift */,
				7400127F2A65AD5F00FECBC8 /* IamRichUITestsLaunchTests.swift */,
			);
			path = IamRichUITests;
			sourceTree = "<group>";
		};
/* End PBXGroup section */

/* Begin PBXNativeTarget section */
		740012582A65AD5E00FECBC8 /* IamRich */ = {
			isa = PBXNativeTarget;
			buildConfigurationList = 740012832A65AD5F00FECBC8 /* Build configuration list for PBXNativeTarget "IamRich" */;
			buildPhases = (
				740012552A65AD5E00FECBC8 /* Sources */,
				740012562A65AD5E00FECBC8 /* Frameworks */,
				740012572A65AD5E00FECBC8 /* Resources */,
			);
			buildRules = (
			);
			dependencies = (
			);
			name = IamRich;
			productName = IamRich;
			productReference = 740012592A65AD5E00FECBC8 /* IamRich.app */;
			productType = "com.apple.product-type.application";
		};
		7400126E2A65AD5F00FECBC8 /* IamRichTests */ = {
			isa = PBXNativeTarget;
			buildConfigurationList = 740012862A65AD5F00FECBC8 /* Build configuration list for PBXNativeTarget "IamRichTests" */;
			buildPhases = (
				7400126B2A65AD5F00FECBC8 /* Sources */,
				7400126C2A65AD5F00FECBC8 /* Frameworks */,
				7400126D2A65AD5F00FECBC8 /* Resources */,
			);
			buildRules = (
			);
			dependencies = (
				740012712A65AD5F00FECBC8 /* PBXTargetDependency */,
			);
			name = IamRichTests;
			productName = IamRichTests;
			productReference = 7400126F2A65AD5F00FECBC8 /* IamRichTests.xctest */;
			productType = "com.apple.product-type.bundle.unit-test";
		};
		740012782A65AD5F00FECBC8 /* IamRichUITests */ = {
			isa = PBXNativeTarget;
			buildConfigurationList = 740012892A65AD5F00FECBC8 /* Build configuration list for PBXNativeTarget "IamRichUITests" */;
			buildPhases = (
				740012752A65AD5F00FECBC8 /* Sources */,
				740012762A65AD5F00FECBC8 /* Frameworks */,
				740012772A65AD5F00FECBC8 /* Resources */,
			);
			buildRules = (
			);
			dependencies = (
				7400127B2A65AD5F00FECBC8 /* PBXTargetDependency */,
			);
			name = IamRichUITests;
			productName = IamRichUITests;
			productReference = 740012792A65AD5F00FECBC8 /* IamRichUITests.xctest */;
			productType = "com.apple.product-type.bundle.ui-testing";
		};
/* End PBXNativeTarget section */

/* Begin PBXProject section */
		740012512A65AD5E00FECBC8 /* Project object */ = {
			isa = PBXProject;
			attributes = {
				BuildIndependentTargetsInParallel = 1;
				LastSwiftUpdateCheck = 1420;
				LastUpgradeCheck = 1420;
				TargetAttributes = {
					740012582A65AD5E00FECBC8 = {
						CreatedOnToolsVersion = 14.2;
					};
					7400126E2A65AD5F00FECBC8 = {
						CreatedOnToolsVersion = 14.2;
						TestTargetID = 740012582A65AD5E00FECBC8;
					};
					740012782A65AD5F00FECBC8 = {
						CreatedOnToolsVersion = 14.2;
						TestTargetID = 740012582A65AD5E00FECBC8;
					};
				};
			};
			buildConfigurationList = 740012542A65AD5E00FECBC8 /* Build configuration list for PBXProject "IamRich" */;
			compatibilityVersion = "Xcode 14.0";
			developmentRegion = en;
			hasScannedForEncodings = 0;
			knownRegions = (
				en,
				Base,
			);
			mainGroup = 740012502A65AD5E00FECBC8;
			productRefGroup = 7400125A2A65AD5E00FECBC8 /* Products */;
			projectDirPath = "";
			projectRoot = "";
			targets = (
				740012582A65AD5E00FECBC8 /* IamRich */,
				7400126E2A65AD5F00FECBC8 /* IamRichTests */,
				740012782A65AD5F00FECBC8 /* IamRichUITests */,
			);
		};
/* End PBXProject section */

/* Begin PBXResourcesBuildPhase section */
		740012572A65AD5E00FECBC8 /* Resources */ = {
			isa = PBXResourcesBuildPhase;
			buildActionMask = 2147483647;
			files = (
				740012692A65AD5F00FECBC8 /* LaunchScreen.storyboard in Resources */,
				740012662A65AD5F00FECBC8 /* Assets.xcassets in Resources */,
				740012642A65AD5E00FECBC8 /* Main.storyboard in Resources */,
			);
			runOnlyForDeploymentPostprocessing = 0;
		};
		7400126D2A65AD5F00FECBC8 /* Resources */ = {
			isa = PBXResourcesBuildPhase;
			buildActionMask = 2147483647;
			files = (
			);
			runOnlyForDeploymentPostprocessing = 0;
		};
		740012772A65AD5F00FECBC8 /* Resources */ = {
			isa = PBXResourcesBuildPhase;
			buildActionMask = 2147483647;
			files = (
			);
			runOnlyForDeploymentPostprocessing = 0;
		};
/* End PBXResourcesBuildPhase section */

/* Begin PBXSourcesBuildPhase section */
		740012552A65AD5E00FECBC8 /* Sources */ = {
			isa = PBXSourcesBuildPhase;
			buildActionMask = 2147483647;
			files = (
				740012612A65AD5E00FECBC8 /* ViewController.swift in Sources */,
				7400125D2A65AD5E00FECBC8 /* AppDelegate.swift in Sources */,
				7400125F2A65AD5E00FECBC8 /* SceneDelegate.swift in Sources */,
			);
			runOnlyForDeploymentPostprocessing = 0;
		};
		7400126B2A65AD5F00FECBC8 /* Sources */ = {
			isa = PBXSourcesBuildPhase;
			buildActionMask = 2147483647;
			files = (
				740012742A65AD5F00FECBC8 /* IamRichTests.swift in Sources */,
			);
			runOnlyForDeploymentPostprocessing = 0;
		};
		740012752A65AD5F00FECBC8 /* Sources */ = {
			isa = PBXSourcesBuildPhase;
			buildActionMask = 2147483647;
			files = (
				740012802A65AD5F00FECBC8 /* IamRichUITestsLaunchTests.swift in Sources */,
				7400127E2A65AD5F00FECBC8 /* IamRichUITests.swift in Sources */,
			);
			runOnlyForDeploymentPostprocessing = 0;
		};
/* End PBXSourcesBuildPhase section */

/* Begin PBXTargetDependency section */
		740012712A65AD5F00FECBC8 /* PBXTargetDependency */ = {
			isa = PBXTargetDependency;
			target = 740012582A65AD5E00FECBC8 /* IamRich */;
			targetProxy = 740012702A65AD5F00FECBC8 /* PBXContainerItemProxy */;
		};
		7400127B2A65AD5F00FECBC8 /* PBXTargetDependency */ = {
			isa = PBXTargetDependency;
			target = 740012582A65AD5E00FECBC8 /* IamRich */;
			targetProxy = 7400127A2A65AD5F00FECBC8 /* PBXContainerItemProxy */;
		};
/* End PBXTargetDependency section */

/* Begin PBXVariantGroup section */
		740012622A65AD5E00FECBC8 /* Main.storyboard */ = {
			isa = PBXVariantGroup;
			children = (
				740012632A65AD5E00FECBC8 /* Base */,
			);
			name = Main.storyboard;
			sourceTree = "<group>";
		};
		740012672A65AD5F00FECBC8 /* LaunchScreen.storyboard */ = {
			isa = PBXVariantGroup;
			children = (
				740012682A65AD5F00FECBC8 /* Base */,
			);
			name = LaunchScreen.storyboard;
			sourceTree = "<group>";
		};
/* End PBXVariantGroup section */

/* Begin XCBuildConfiguration section */
		740012812A65AD5F00FECBC8 /* Debug */ = {
			isa = XCBuildConfiguration;
			buildSettings = {
				ALWAYS_SEARCH_USER_PATHS = NO;
				CLANG_ANALYZER_NONNULL = YES;
				CLANG_ANALYZER_NUMBER_OBJECT_CONVERSION = YES_AGGRESSIVE;
				CLANG_CXX_LANGUAGE_STANDARD = "gnu++20";
				CLANG_ENABLE_MODULES = YES;
				CLANG_ENABLE_OBJC_ARC = YES;
				CLANG_ENABLE_OBJC_WEAK = YES;
				CLANG_WARN_BLOCK_CAPTURE_AUTORELEASING = YES;
				CLANG_WARN_BOOL_CONVERSION = YES;
				CLANG_WARN_COMMA = YES;
				CLANG_WARN_CONSTANT_CONVERSION = YES;
				CLANG_WARN_DEPRECATED_OBJC_IMPLEMENTATIONS = YES;
				CLANG_WARN_DIRECT_OBJC_ISA_USAGE = YES_ERROR;
				CLANG_WARN_DOCUMENTATION_COMMENTS = YES;
				CLANG_WARN_EMPTY_BODY = YES;
				CLANG_WARN_ENUM_CONVERSION = YES;
				CLANG_WARN_INFINITE_RECURSION = YES;
				CLANG_WARN_INT_CONVERSION = YES;
				CLANG_WARN_NON_LITERAL_NULL_CONVERSION = YES;
				CLANG_WARN_OBJC_IMPLICIT_RETAIN_SELF = YES;
				CLANG_WARN_OBJC_LITERAL_CONVERSION = YES;
				CLANG_WARN_OBJC_ROOT_CLASS = YES_ERROR;
				CLANG_WARN_QUOTED_INCLUDE_IN_FRAMEWORK_HEADER = YES;
				CLANG_WARN_RANGE_LOOP_ANALYSIS = YES;
				CLANG_WARN_STRICT_PROTOTYPES = YES;
				CLANG_WARN_SUSPICIOUS_MOVE = YES;
				CLANG_WARN_UNGUARDED_AVAILABILITY = YES_AGGRESSIVE;
				CLANG_WARN_UNREACHABLE_CODE = YES;
				CLANG_WARN__DUPLICATE_METHOD_MATCH = YES;
				COPY_PHASE_STRIP = NO;
				DEBUG_INFORMATION_FORMAT = dwarf;
				ENABLE_STRICT_OBJC_MSGSEND = YES;
				ENABLE_TESTABILITY = YES;
				GCC_C_LANGUAGE_STANDARD = gnu11;
				GCC_DYNAMIC_NO_PIC = NO;
				GCC_NO_COMMON_BLOCKS = YES;
				GCC_OPTIMIZATION_LEVEL = 0;
				GCC_PREPROCESSOR_DEFINITIONS = (
					"DEBUG=1",
					"$(inherited)",
				);
				GCC_WARN_64_TO_32_BIT_CONVERSION = YES;
				GCC_WARN_ABOUT_RETURN_TYPE = YES_ERROR;
				GCC_WARN_UNDECLARED_SELECTOR = YES;
				GCC_WARN_UNINITIALIZED_AUTOS = YES_AGGRESSIVE;
				GCC_WARN_UNUSED_FUNCTION = YES;
				GCC_WARN_UNUSED_VARIABLE = YES;
				IPHONEOS_DEPLOYMENT_TARGET = 16.2;
				MTL_ENABLE_DEBUG_INFO = INCLUDE_SOURCE;
				MTL_FAST_MATH = YES;
				ONLY_ACTIVE_ARCH = YES;
				SDKROOT = iphoneos;
				SWIFT_ACTIVE_COMPILATION_CONDITIONS = DEBUG;
				SWIFT_OPTIMIZATION_LEVEL = "-Onone";
			};
			name = Debug;
		};
		740012822A65AD5F00FECBC8 /* Release */ = {
			isa = XCBuildConfiguration;
			buildSettings = {
				ALWAYS_SEARCH_USER_PATHS = NO;
				CLANG_ANALYZER_NONNULL = YES;
				CLANG_ANALYZER_NUMBER_OBJECT_CONVERSION = YES_AGGRESSIVE;
				CLANG_CXX_LANGUAGE_STANDARD = "gnu++20";
				CLANG_ENABLE_MODULES = YES;
				CLANG_ENABLE_OBJC_ARC = YES;
				CLANG_ENABLE_OBJC_WEAK = YES;
				CLANG_WARN_BLOCK_CAPTURE_AUTORELEASING = YES;
				CLANG_WARN_BOOL_CONVERSION = YES;
				CLANG_WARN_COMMA = YES;
				CLANG_WARN_CONSTANT_CONVERSION = YES;
				CLANG_WARN_DEPRECATED_OBJC_IMPLEMENTATIONS = YES;
				CLANG_WARN_DIRECT_OBJC_ISA_USAGE = YES_ERROR;
				CLANG_WARN_DOCUMENTATION_COMMENTS = YES;
				CLANG_WARN_EMPTY_BODY = YES;
				CLANG_WARN_ENUM_CONVERSION = YES;
				CLANG_WARN_INFINITE_RECURSION = YES;
				CLANG_WARN_INT_CONVERSION = YES;
				CLANG_WARN_NON_LITERAL_NULL_CONVERSION = YES;
				CLANG_WARN_OBJC_IMPLICIT_RETAIN_SELF = YES;
				CLANG_WARN_OBJC_LITERAL_CONVERSION = YES;
				CLANG_WARN_OBJC_ROOT_CLASS = YES_ERROR;
				CLANG_WARN_QUOTED_INCLUDE_IN_FRAMEWORK_HEADER = YES;
				CLANG_WARN_RANGE_LOOP_ANALYSIS = YES;
				CLANG_WARN_STRICT_PROTOTYPES = YES;
				CLANG_WARN_SUSPICIOUS_MOVE = YES;
				CLANG_WARN_UNGUARDED_AVAILABILITY = YES_AGGRESSIVE;
				CLANG_WARN_UNREACHABLE_CODE = YES;
				CLANG_WARN__DUPLICATE_METHOD_MATCH = YES;
				COPY_PHASE_STRIP = NO;
				DEBUG_INFORMATION_FORMAT = "dwarf-with-dsym";
				ENABLE_NS_ASSERTIONS = NO;
				ENABLE_STRICT_OBJC_MSGSEND = YES;
				GCC_C_LANGUAGE_STANDARD = gnu11;
				GCC_NO_COMMON_BLOCKS = YES;
				GCC_WARN_64_TO_32_BIT_CONVERSION = YES;
				GCC_WARN_ABOUT_RETURN_TYPE = YES_ERROR;
				GCC_WARN_UNDECLARED_SELECTOR = YES;
				GCC_WARN_UNINITIALIZED_AUTOS = YES_AGGRESSIVE;
				GCC_WARN_UNUSED_FUNCTION = YES;
				GCC_WARN_UNUSED_VARIABLE = YES;
				IPHONEOS_DEPLOYMENT_TARGET = 16.2;
				MTL_ENABLE_DEBUG_INFO = NO;
				MTL_FAST_MATH = YES;
				SDKROOT = iphoneos;
				SWIFT_COMPILATION_MODE = wholemodule;
				SWIFT_OPTIMIZATION_LEVEL = "-O";
				VALIDATE_PRODUCT = YES;
			};
			name = Release;
		};
		740012842A65AD5F00FECBC8 /* Debug */ = {
			isa = XCBuildConfiguration;
			buildSettings = {
				ASSETCATALOG_COMPILER_APPICON_NAME = AppIcon;
				ASSETCATALOG_COMPILER_GLOBAL_ACCENT_COLOR_NAME = AccentColor;
				CODE_SIGN_STYLE = Automatic;
				CURRENT_PROJECT_VERSION = 1;
				DEVELOPMENT_TEAM = 845GK6SSPF;
				GENERATE_INFOPLIST_FILE = YES;
				INFOPLIST_FILE = IamRich/Info.plist;
				INFOPLIST_KEY_UIApplicationSupportsIndirectInputEvents = YES;
				INFOPLIST_KEY_UILaunchStoryboardName = LaunchScreen;
				INFOPLIST_KEY_UIMainStoryboardFile = Main;
				INFOPLIST_KEY_UISupportedInterfaceOrientations_iPad = "UIInterfaceOrientationPortrait UIInterfaceOrientationPortraitUpsideDown UIInterfaceOrientationLandscapeLeft UIInterfaceOrientationLandscapeRight";
				INFOPLIST_KEY_UISupportedInterfaceOrientations_iPhone = "UIInterfaceOrientationPortrait UIInterfaceOrientationLandscapeLeft UIInterfaceOrientationLandscapeRight";
				LD_RUNPATH_SEARCH_PATHS = (
					"$(inherited)",
					"@executable_path/Frameworks",
				);
				MARKETING_VERSION = 1.0;
				PRODUCT_BUNDLE_IDENTIFIER = long.com.IamRich;
				PRODUCT_NAME = "$(TARGET_NAME)";
				SWIFT_EMIT_LOC_STRINGS = YES;
				SWIFT_VERSION = 5.0;
				TARGETED_DEVICE_FAMILY = "1,2";
			};
			name = Debug;
		};
		740012852A65AD5F00FECBC8 /* Release */ = {
			isa = XCBuildConfiguration;
			buildSettings = {
				ASSETCATALOG_COMPILER_APPICON_NAME = AppIcon;
				ASSETCATALOG_COMPILER_GLOBAL_ACCENT_COLOR_NAME = AccentColor;
				CODE_SIGN_STYLE = Automatic;
				CURRENT_PROJECT_VERSION = 1;
				DEVELOPMENT_TEAM = 845GK6SSPF;
				GENERATE_INFOPLIST_FILE = YES;
				INFOPLIST_FILE = IamRich/Info.plist;
				INFOPLIST_KEY_UIApplicationSupportsIndirectInputEvents = YES;
				INFOPLIST_KEY_UILaunchStoryboardName = LaunchScreen;
				INFOPLIST_KEY_UIMainStoryboardFile = Main;
				INFOPLIST_KEY_UISupportedInterfaceOrientations_iPad = "UIInterfaceOrientationPortrait UIInterfaceOrientationPortraitUpsideDown UIInterfaceOrientationLandscapeLeft UIInterfaceOrientationLandscapeRight";
				INFOPLIST_KEY_UISupportedInterfaceOrientations_iPhone = "UIInterfaceOrientationPortrait UIInterfaceOrientationLandscapeLeft UIInterfaceOrientationLandscapeRight";
				LD_RUNPATH_SEARCH_PATHS = (
					"$(inherited)",
					"@executable_path/Frameworks",
				);
				MARKETING_VERSION = 1.0;
				PRODUCT_BUNDLE_IDENTIFIER = long.com.IamRich;
				PRODUCT_NAME = "$(TARGET_NAME)";
				SWIFT_EMIT_LOC_STRINGS = YES;
				SWIFT_VERSION = 5.0;
				TARGETED_DEVICE_FAMILY = "1,2";
			};
			name = Release;
		};
		740012872A65AD5F00FECBC8 /* Debug */ = {
			isa = XCBuildConfiguration;
			buildSettings = {
				ALWAYS_EMBED_SWIFT_STANDARD_LIBRARIES = YES;
				BUNDLE_LOADER = "$(TEST_HOST)";
				CODE_SIGN_STYLE = Automatic;
				CURRENT_PROJECT_VERSION = 1;
				DEVELOPMENT_TEAM = 845GK6SSPF;
				GENERATE_INFOPLIST_FILE = YES;
				IPHONEOS_DEPLOYMENT_TARGET = 16.2;
				MARKETING_VERSION = 1.0;
				PRODUCT_BUNDLE_IDENTIFIER = long.com.IamRichTests;
				PRODUCT_NAME = "$(TARGET_NAME)";
				SWIFT_EMIT_LOC_STRINGS = NO;
				SWIFT_VERSION = 5.0;
				TARGETED_DEVICE_FAMILY = "1,2";
				TEST_HOST = "$(BUILT_PRODUCTS_DIR)/IamRich.app/$(BUNDLE_EXECUTABLE_FOLDER_PATH)/IamRich";
			};
			name = Debug;
		};
		740012882A65AD5F00FECBC8 /* Release */ = {
			isa = XCBuildConfiguration;
			buildSettings = {
				ALWAYS_EMBED_SWIFT_STANDARD_LIBRARIES = YES;
				BUNDLE_LOADER = "$(TEST_HOST)";
				CODE_SIGN_STYLE = Automatic;
				CURRENT_PROJECT_VERSION = 1;
				DEVELOPMENT_TEAM = 845GK6SSPF;
				GENERATE_INFOPLIST_FILE = YES;
				IPHONEOS_DEPLOYMENT_TARGET = 16.2;
				MARKETING_VERSION = 1.0;
				PRODUCT_BUNDLE_IDENTIFIER = long.com.IamRichTests;
				PRODUCT_NAME = "$(TARGET_NAME)";
				SWIFT_EMIT_LOC_STRINGS = NO;
				SWIFT_VERSION = 5.0;
				TARGETED_DEVICE_FAMILY = "1,2";
				TEST_HOST = "$(BUILT_PRODUCTS_DIR)/IamRich.app/$(BUNDLE_EXECUTABLE_FOLDER_PATH)/IamRich";
			};
			name = Release;
		};
		7400128A2A65AD5F00FECBC8 /* Debug */ = {
			isa = XCBuildConfiguration;
			buildSettings = {
				ALWAYS_EMBED_SWIFT_STANDARD_LIBRARIES = YES;
				CODE_SIGN_STYLE = Automatic;
				CURRENT_PROJECT_VERSION = 1;
				DEVELOPMENT_TEAM = 845GK6SSPF;
				GENERATE_INFOPLIST_FILE = YES;
				MARKETING_VERSION = 1.0;
				PRODUCT_BUNDLE_IDENTIFIER = long.com.IamRichUITests;
				PRODUCT_NAME = "$(TARGET_NAME)";
				SWIFT_EMIT_LOC_STRINGS = NO;
				SWIFT_VERSION = 5.0;
				TARGETED_DEVICE_FAMILY = "1,2";
				TEST_TARGET_NAME = IamRich;
			};
			name = Debug;
		};
		7400128B2A65AD5F00FECBC8 /* Release */ = {
			isa = XCBuildConfiguration;
			buildSettings = {
				ALWAYS_EMBED_SWIFT_STANDARD_LIBRARIES = YES;
				CODE_SIGN_STYLE = Automatic;
				CURRENT_PROJECT_VERSION = 1;
				DEVELOPMENT_TEAM = 845GK6SSPF;
				GENERATE_INFOPLIST_FILE = YES;
				MARKETING_VERSION = 1.0;
				PRODUCT_BUNDLE_IDENTIFIER = long.com.IamRichUITests;
				PRODUCT_NAME = "$(TARGET_NAME)";
				SWIFT_EMIT_LOC_STRINGS = NO;
				SWIFT_VERSION = 5.0;
				TARGETED_DEVICE_FAMILY = "1,2";
				TEST_TARGET_NAME = IamRich;
			};
			name = Release;
		};
/* End XCBuildConfiguration section */

/* Begin XCConfigurationList section */
		740012542A65AD5E00FECBC8 /* Build configuration list for PBXProject "IamRich" */ = {
			isa = XCConfigurationList;
			buildConfigurations = (
				740012812A65AD5F00FECBC8 /* Debug */,
				740012822A65AD5F00FECBC8 /* Release */,
			);
			defaultConfigurationIsVisible = 0;
			defaultConfigurationName = Release;
		};
		740012832A65AD5F00FECBC8 /* Build configuration list for PBXNativeTarget "IamRich" */ = {
			isa = XCConfigurationList;
			buildConfigurations = (
				740012842A65AD5F00FECBC8 /* Debug */,
				740012852A65AD5F00FECBC8 /* Release */,
			);
			defaultConfigurationIsVisible = 0;
			defaultConfigurationName = Release;
		};
		740012862A65AD5F00FECBC8 /* Build configuration list for PBXNativeTarget "IamRichTests" */ = {
			isa = XCConfigurationList;
			buildConfigurations = (
				740012872A65AD5F00FECBC8 /* Debug */,
				740012882A65AD5F00FECBC8 /* Release */,
			);
			defaultConfigurationIsVisible = 0;
			defaultConfigurationName = Release;
		};
		740012892A65AD5F00FECBC8 /* Build configuration list for PBXNativeTarget "IamRichUITests" */ = {
			isa = XCConfigurationList;
			buildConfigurations = (
				7400128A2A65AD5F00FECBC8 /* Debug */,
				7400128B2A65AD5F00FECBC8 /* Release */,
			);
			defaultConfigurationIsVisible = 0;
			defaultConfigurationName = Release;
		};
/* End XCConfigurationList section */
	};
	rootObject = 740012512A65AD5E00FECBC8 /* Project object */;
}
