// !$*UTF8*$!
{
	archiveVersion = 1;
	classes = {
	};
	objectVersion = 56;
	objects = {

/* Begin PBXBuildFile section */
		74BACAA62A6976DD00114D74 /* AppDelegate.swift in Sources */ = {isa = PBXBuildFile; fileRef = 74BACAA52A6976DD00114D74 /* AppDelegate.swift */; };
		74BACAA82A6976DD00114D74 /* SceneDelegate.swift in Sources */ = {isa = PBXBuildFile; fileRef = 74BACAA72A6976DD00114D74 /* SceneDelegate.swift */; };
		74BACAAA2A6976DD00114D74 /* ViewController.swift in Sources */ = {isa = PBXBuildFile; fileRef = 74BACAA92A6976DD00114D74 /* ViewController.swift */; };
		74BACAAD2A6976DD00114D74 /* Main.storyboard in Resources */ = {isa = PBXBuildFile; fileRef = 74BACAAB2A6976DD00114D74 /* Main.storyboard */; };
		74BACAAF2A6976DE00114D74 /* Assets.xcassets in Resources */ = {isa = PBXBuildFile; fileRef = 74BACAAE2A6976DE00114D74 /* Assets.xcassets */; };
		74BACAB22A6976DE00114D74 /* LaunchScreen.storyboard in Resources */ = {isa = PBXBuildFile; fileRef = 74BACAB02A6976DE00114D74 /* LaunchScreen.storyboard */; };
		74BACABD2A6976DE00114D74 /* customView2Tests.swift in Sources */ = {isa = PBXBuildFile; fileRef = 74BACABC2A6976DE00114D74 /* customView2Tests.swift */; };
		74BACAC72A6976DE00114D74 /* customView2UITests.swift in Sources */ = {isa = PBXBuildFile; fileRef = 74BACAC62A6976DE00114D74 /* customView2UITests.swift */; };
		74BACAC92A6976DE00114D74 /* customView2UITestsLaunchTests.swift in Sources */ = {isa = PBXBuildFile; fileRef = 74BACAC82A6976DE00114D74 /* customView2UITestsLaunchTests.swift */; };
		74BACAD62A6976EB00114D74 /* Model.swift in Sources */ = {isa = PBXBuildFile; fileRef = 74BACAD52A6976EB00114D74 /* Model.swift */; };
		74BACADA2A6978B700114D74 /* headerFooterView.swift in Sources */ = {isa = PBXBuildFile; fileRef = 74BACAD92A6978B700114D74 /* headerFooterView.swift */; };
		74BACADD2A69B3C100114D74 /* MenuTableViewCell.swift in Sources */ = {isa = PBXBuildFile; fileRef = 74BACADB2A69B3C100114D74 /* MenuTableViewCell.swift */; };
		74BACADE2A69B3C100114D74 /* MenuTableViewCell.xib in Resources */ = {isa = PBXBuildFile; fileRef = 74BACADC2A69B3C100114D74 /* MenuTableViewCell.xib */; };
		74BACAE02A6C370C00114D74 /* TextFieldView.swift in Sources */ = {isa = PBXBuildFile; fileRef = 74BACADF2A6C370C00114D74 /* TextFieldView.swift */; };
		74BACAE22A6C390A00114D74 /* InformationViewController.swift in Sources */ = {isa = PBXBuildFile; fileRef = 74BACAE12A6C390A00114D74 /* InformationViewController.swift */; };
		74BACAEF2A6C454D00114D74 /* MainViewModel.swift in Sources */ = {isa = PBXBuildFile; fileRef = 74BACAEE2A6C454D00114D74 /* MainViewModel.swift */; };
		74BACAF62A6D062500114D74 /* checkBoxButton.swift in Sources */ = {isa = PBXBuildFile; fileRef = 74BACAF52A6D062500114D74 /* checkBoxButton.swift */; };
		74BACAF82A6D0C9C00114D74 /* checkBoxView.swift in Sources */ = {isa = PBXBuildFile; fileRef = 74BACAF72A6D0C9C00114D74 /* checkBoxView.swift */; };
/* End PBXBuildFile section */

/* Begin PBXContainerItemProxy section */
		74BACAB92A6976DE00114D74 /* PBXContainerItemProxy */ = {
			isa = PBXContainerItemProxy;
			containerPortal = 74BACA9A2A6976DD00114D74 /* Project object */;
			proxyType = 1;
			remoteGlobalIDString = 74BACAA12A6976DD00114D74;
			remoteInfo = customView2;
		};
		74BACAC32A6976DE00114D74 /* PBXContainerItemProxy */ = {
			isa = PBXContainerItemProxy;
			containerPortal = 74BACA9A2A6976DD00114D74 /* Project object */;
			proxyType = 1;
			remoteGlobalIDString = 74BACAA12A6976DD00114D74;
			remoteInfo = customView2;
		};
/* End PBXContainerItemProxy section */

/* Begin PBXFileReference section */
		74BACAA22A6976DD00114D74 /* customView2.app */ = {isa = PBXFileReference; explicitFileType = wrapper.application; includeInIndex = 0; path = customView2.app; sourceTree = BUILT_PRODUCTS_DIR; };
		74BACAA52A6976DD00114D74 /* AppDelegate.swift */ = {isa = PBXFileReference; lastKnownFileType = sourcecode.swift; path = AppDelegate.swift; sourceTree = "<group>"; };
		74BACAA72A6976DD00114D74 /* SceneDelegate.swift */ = {isa = PBXFileReference; lastKnownFileType = sourcecode.swift; path = SceneDelegate.swift; sourceTree = "<group>"; };
		74BACAA92A6976DD00114D74 /* ViewController.swift */ = {isa = PBXFileReference; lastKnownFileType = sourcecode.swift; path = ViewController.swift; sourceTree = "<group>"; };
		74BACAAC2A6976DD00114D74 /* Base */ = {isa = PBXFileReference; lastKnownFileType = file.storyboard; name = Base; path = Base.lproj/Main.storyboard; sourceTree = "<group>"; };
		74BACAAE2A6976DE00114D74 /* Assets.xcassets */ = {isa = PBXFileReference; lastKnownFileType = folder.assetcatalog; path = Assets.xcassets; sourceTree = "<group>"; };
		74BACAB12A6976DE00114D74 /* Base */ = {isa = PBXFileReference; lastKnownFileType = file.storyboard; name = Base; path = Base.lproj/LaunchScreen.storyboard; sourceTree = "<group>"; };
		74BACAB32A6976DE00114D74 /* Info.plist */ = {isa = PBXFileReference; lastKnownFileType = text.plist.xml; path = Info.plist; sourceTree = "<group>"; };
		74BACAB82A6976DE00114D74 /* customView2Tests.xctest */ = {isa = PBXFileReference; explicitFileType = wrapper.cfbundle; includeInIndex = 0; path = customView2Tests.xctest; sourceTree = BUILT_PRODUCTS_DIR; };
		74BACABC2A6976DE00114D74 /* customView2Tests.swift */ = {isa = PBXFileReference; lastKnownFileType = sourcecode.swift; path = customView2Tests.swift; sourceTree = "<group>"; };
		74BACAC22A6976DE00114D74 /* customView2UITests.xctest */ = {isa = PBXFileReference; explicitFileType = wrapper.cfbundle; includeInIndex = 0; path = customView2UITests.xctest; sourceTree = BUILT_PRODUCTS_DIR; };
		74BACAC62A6976DE00114D74 /* customView2UITests.swift */ = {isa = PBXFileReference; lastKnownFileType = sourcecode.swift; path = customView2UITests.swift; sourceTree = "<group>"; };
		74BACAC82A6976DE00114D74 /* customView2UITestsLaunchTests.swift */ = {isa = PBXFileReference; lastKnownFileType = sourcecode.swift; path = customView2UITestsLaunchTests.swift; sourceTree = "<group>"; };
		74BACAD52A6976EB00114D74 /* Model.swift */ = {isa = PBXFileReference; lastKnownFileType = sourcecode.swift; path = Model.swift; sourceTree = "<group>"; };
		74BACAD92A6978B700114D74 /* headerFooterView.swift */ = {isa = PBXFileReference; lastKnownFileType = sourcecode.swift; path = headerFooterView.swift; sourceTree = "<group>"; };
		74BACADB2A69B3C100114D74 /* MenuTableViewCell.swift */ = {isa = PBXFileReference; lastKnownFileType = sourcecode.swift; path = MenuTableViewCell.swift; sourceTree = "<group>"; };
		74BACADC2A69B3C100114D74 /* MenuTableViewCell.xib */ = {isa = PBXFileReference; lastKnownFileType = file.xib; path = MenuTableViewCell.xib; sourceTree = "<group>"; };
		74BACADF2A6C370C00114D74 /* TextFieldView.swift */ = {isa = PBXFileReference; lastKnownFileType = sourcecode.swift; path = TextFieldView.swift; sourceTree = "<group>"; };
		74BACAE12A6C390A00114D74 /* InformationViewController.swift */ = {isa = PBXFileReference; lastKnownFileType = sourcecode.swift; path = InformationViewController.swift; sourceTree = "<group>"; };
		74BACAEE2A6C454D00114D74 /* MainViewModel.swift */ = {isa = PBXFileReference; lastKnownFileType = sourcecode.swift; path = MainViewModel.swift; sourceTree = "<group>"; };
		74BACAF52A6D062500114D74 /* checkBoxButton.swift */ = {isa = PBXFileReference; lastKnownFileType = sourcecode.swift; path = checkBoxButton.swift; sourceTree = "<group>"; };
		74BACAF72A6D0C9C00114D74 /* checkBoxView.swift */ = {isa = PBXFileReference; lastKnownFileType = sourcecode.swift; path = checkBoxView.swift; sourceTree = "<group>"; };
/* End PBXFileReference section */

/* Begin PBXFrameworksBuildPhase section */
		74BACA9F2A6976DD00114D74 /* Frameworks */ = {
			isa = PBXFrameworksBuildPhase;
			buildActionMask = 2147483647;
			files = (
			);
			runOnlyForDeploymentPostprocessing = 0;
		};
		74BACAB52A6976DE00114D74 /* Frameworks */ = {
			isa = PBXFrameworksBuildPhase;
			buildActionMask = 2147483647;
			files = (
			);
			runOnlyForDeploymentPostprocessing = 0;
		};
		74BACABF2A6976DE00114D74 /* Frameworks */ = {
			isa = PBXFrameworksBuildPhase;
			buildActionMask = 2147483647;
			files = (
			);
			runOnlyForDeploymentPostprocessing = 0;
		};
/* End PBXFrameworksBuildPhase section */

/* Begin PBXGroup section */
		74BACA992A6976DD00114D74 = {
			isa = PBXGroup;
			children = (
				74BACAA42A6976DD00114D74 /* customView2 */,
				74BACABB2A6976DE00114D74 /* customView2Tests */,
				74BACAC52A6976DE00114D74 /* customView2UITests */,
				74BACAA32A6976DD00114D74 /* Products */,
			);
			sourceTree = "<group>";
		};
		74BACAA32A6976DD00114D74 /* Products */ = {
			isa = PBXGroup;
			children = (
				74BACAA22A6976DD00114D74 /* customView2.app */,
				74BACAB82A6976DE00114D74 /* customView2Tests.xctest */,
				74BACAC22A6976DE00114D74 /* customView2UITests.xctest */,
			);
			name = Products;
			sourceTree = "<group>";
		};
		74BACAA42A6976DD00114D74 /* customView2 */ = {
			isa = PBXGroup;
			children = (
				74BACAE62A6C445700114D74 /* ViewController */,
				74BACAE52A6C444F00114D74 /* ViewModel */,
				74BACAE32A6C443900114D74 /* Model */,
				74BACAA52A6976DD00114D74 /* AppDelegate.swift */,
				74BACAA72A6976DD00114D74 /* SceneDelegate.swift */,
				74BACAAE2A6976DE00114D74 /* Assets.xcassets */,
				74BACAB02A6976DE00114D74 /* LaunchScreen.storyboard */,
				74BACAB32A6976DE00114D74 /* Info.plist */,
			);
			path = customView2;
			sourceTree = "<group>";
		};
		74BACABB2A6976DE00114D74 /* customView2Tests */ = {
			isa = PBXGroup;
			children = (
				74BACABC2A6976DE00114D74 /* customView2Tests.swift */,
			);
			path = customView2Tests;
			sourceTree = "<group>";
		};
		74BACAC52A6976DE00114D74 /* customView2UITests */ = {
			isa = PBXGroup;
			children = (
				74BACAC62A6976DE00114D74 /* customView2UITests.swift */,
				74BACAC82A6976DE00114D74 /* customView2UITestsLaunchTests.swift */,
			);
			path = customView2UITests;
			sourceTree = "<group>";
		};
		74BACAE32A6C443900114D74 /* Model */ = {
			isa = PBXGroup;
			children = (
				74BACAD52A6976EB00114D74 /* Model.swift */,
			);
			path = Model;
			sourceTree = "<group>";
		};
		74BACAE52A6C444F00114D74 /* ViewModel */ = {
			isa = PBXGroup;
			children = (
				74BACAEE2A6C454D00114D74 /* MainViewModel.swift */,
			);
			path = ViewModel;
			sourceTree = "<group>";
		};
		74BACAE62A6C445700114D74 /* ViewController */ = {
			isa = PBXGroup;
			children = (
				74BACAF22A6D05E700114D74 /* CommonView */,
				74BACAEA2A6C44FB00114D74 /* View2 */,
				74BACAE92A6C44BB00114D74 /* View1 */,
			);
			path = ViewController;
			sourceTree = "<group>";
		};
		74BACAE72A6C447200114D74 /* cell */ = {
			isa = PBXGroup;
			children = (
				74BACADB2A69B3C100114D74 /* MenuTableViewCell.swift */,
				74BACADC2A69B3C100114D74 /* MenuTableViewCell.xib */,
			);
			path = cell;
			sourceTree = "<group>";
		};
		74BACAE82A6C448000114D74 /* HeaderandFooter */ = {
			isa = PBXGroup;
			children = (
				74BACAD92A6978B700114D74 /* headerFooterView.swift */,
			);
			path = HeaderandFooter;
			sourceTree = "<group>";
		};
		74BACAE92A6C44BB00114D74 /* View1 */ = {
			isa = PBXGroup;
			children = (
				74BACAE82A6C448000114D74 /* HeaderandFooter */,
				74BACAE72A6C447200114D74 /* cell */,
				74BACAA92A6976DD00114D74 /* ViewController.swift */,
				74BACAAB2A6976DD00114D74 /* Main.storyboard */,
			);
			path = View1;
			sourceTree = "<group>";
		};
		74BACAEA2A6C44FB00114D74 /* View2 */ = {
			isa = PBXGroup;
			children = (
				74BACADF2A6C370C00114D74 /* TextFieldView.swift */,
				74BACAE12A6C390A00114D74 /* InformationViewController.swift */,
			);
			path = View2;
			sourceTree = "<group>";
		};
		74BACAF22A6D05E700114D74 /* CommonView */ = {
			isa = PBXGroup;
			children = (
				74BACAF52A6D062500114D74 /* checkBoxButton.swift */,
				74BACAF72A6D0C9C00114D74 /* checkBoxView.swift */,
			);
			path = CommonView;
			sourceTree = "<group>";
		};
/* End PBXGroup section */

/* Begin PBXNativeTarget section */
		74BACAA12A6976DD00114D74 /* customView2 */ = {
			isa = PBXNativeTarget;
			buildConfigurationList = 74BACACC2A6976DE00114D74 /* Build configuration list for PBXNativeTarget "customView2" */;
			buildPhases = (
				74BACA9E2A6976DD00114D74 /* Sources */,
				74BACA9F2A6976DD00114D74 /* Frameworks */,
				74BACAA02A6976DD00114D74 /* Resources */,
			);
			buildRules = (
			);
			dependencies = (
			);
			name = customView2;
			productName = customView2;
			productReference = 74BACAA22A6976DD00114D74 /* customView2.app */;
			productType = "com.apple.product-type.application";
		};
		74BACAB72A6976DE00114D74 /* customView2Tests */ = {
			isa = PBXNativeTarget;
			buildConfigurationList = 74BACACF2A6976DE00114D74 /* Build configuration list for PBXNativeTarget "customView2Tests" */;
			buildPhases = (
				74BACAB42A6976DE00114D74 /* Sources */,
				74BACAB52A6976DE00114D74 /* Frameworks */,
				74BACAB62A6976DE00114D74 /* Resources */,
			);
			buildRules = (
			);
			dependencies = (
				74BACABA2A6976DE00114D74 /* PBXTargetDependency */,
			);
			name = customView2Tests;
			productName = customView2Tests;
			productReference = 74BACAB82A6976DE00114D74 /* customView2Tests.xctest */;
			productType = "com.apple.product-type.bundle.unit-test";
		};
		74BACAC12A6976DE00114D74 /* customView2UITests */ = {
			isa = PBXNativeTarget;
			buildConfigurationList = 74BACAD22A6976DE00114D74 /* Build configuration list for PBXNativeTarget "customView2UITests" */;
			buildPhases = (
				74BACABE2A6976DE00114D74 /* Sources */,
				74BACABF2A6976DE00114D74 /* Frameworks */,
				74BACAC02A6976DE00114D74 /* Resources */,
			);
			buildRules = (
			);
			dependencies = (
				74BACAC42A6976DE00114D74 /* PBXTargetDependency */,
			);
			name = customView2UITests;
			productName = customView2UITests;
			productReference = 74BACAC22A6976DE00114D74 /* customView2UITests.xctest */;
			productType = "com.apple.product-type.bundle.ui-testing";
		};
/* End PBXNativeTarget section */

/* Begin PBXProject section */
		74BACA9A2A6976DD00114D74 /* Project object */ = {
			isa = PBXProject;
			attributes = {
				BuildIndependentTargetsInParallel = 1;
				LastSwiftUpdateCheck = 1420;
				LastUpgradeCheck = 1420;
				TargetAttributes = {
					74BACAA12A6976DD00114D74 = {
						CreatedOnToolsVersion = 14.2;
					};
					74BACAB72A6976DE00114D74 = {
						CreatedOnToolsVersion = 14.2;
						TestTargetID = 74BACAA12A6976DD00114D74;
					};
					74BACAC12A6976DE00114D74 = {
						CreatedOnToolsVersion = 14.2;
						TestTargetID = 74BACAA12A6976DD00114D74;
					};
				};
			};
			buildConfigurationList = 74BACA9D2A6976DD00114D74 /* Build configuration list for PBXProject "customView2" */;
			compatibilityVersion = "Xcode 14.0";
			developmentRegion = en;
			hasScannedForEncodings = 0;
			knownRegions = (
				en,
				Base,
			);
			mainGroup = 74BACA992A6976DD00114D74;
			productRefGroup = 74BACAA32A6976DD00114D74 /* Products */;
			projectDirPath = "";
			projectRoot = "";
			targets = (
				74BACAA12A6976DD00114D74 /* customView2 */,
				74BACAB72A6976DE00114D74 /* customView2Tests */,
				74BACAC12A6976DE00114D74 /* customView2UITests */,
			);
		};
/* End PBXProject section */

/* Begin PBXResourcesBuildPhase section */
		74BACAA02A6976DD00114D74 /* Resources */ = {
			isa = PBXResourcesBuildPhase;
			buildActionMask = 2147483647;
			files = (
				74BACAB22A6976DE00114D74 /* LaunchScreen.storyboard in Resources */,
				74BACAAF2A6976DE00114D74 /* Assets.xcassets in Resources */,
				74BACADE2A69B3C100114D74 /* MenuTableViewCell.xib in Resources */,
				74BACAAD2A6976DD00114D74 /* Main.storyboard in Resources */,
			);
			runOnlyForDeploymentPostprocessing = 0;
		};
		74BACAB62A6976DE00114D74 /* Resources */ = {
			isa = PBXResourcesBuildPhase;
			buildActionMask = 2147483647;
			files = (
			);
			runOnlyForDeploymentPostprocessing = 0;
		};
		74BACAC02A6976DE00114D74 /* Resources */ = {
			isa = PBXResourcesBuildPhase;
			buildActionMask = 2147483647;
			files = (
			);
			runOnlyForDeploymentPostprocessing = 0;
		};
/* End PBXResourcesBuildPhase section */

/* Begin PBXSourcesBuildPhase section */
		74BACA9E2A6976DD00114D74 /* Sources */ = {
			isa = PBXSourcesBuildPhase;
			buildActionMask = 2147483647;
			files = (
				74BACAAA2A6976DD00114D74 /* ViewController.swift in Sources */,
				74BACAF62A6D062500114D74 /* checkBoxButton.swift in Sources */,
				74BACAE02A6C370C00114D74 /* TextFieldView.swift in Sources */,
				74BACADA2A6978B700114D74 /* headerFooterView.swift in Sources */,
				74BACADD2A69B3C100114D74 /* MenuTableViewCell.swift in Sources */,
				74BACAA62A6976DD00114D74 /* AppDelegate.swift in Sources */,
				74BACAA82A6976DD00114D74 /* SceneDelegate.swift in Sources */,
				74BACAF82A6D0C9C00114D74 /* checkBoxView.swift in Sources */,
				74BACAD62A6976EB00114D74 /* Model.swift in Sources */,
				74BACAE22A6C390A00114D74 /* InformationViewController.swift in Sources */,
				74BACAEF2A6C454D00114D74 /* MainViewModel.swift in Sources */,
			);
			runOnlyForDeploymentPostprocessing = 0;
		};
		74BACAB42A6976DE00114D74 /* Sources */ = {
			isa = PBXSourcesBuildPhase;
			buildActionMask = 2147483647;
			files = (
				74BACABD2A6976DE00114D74 /* customView2Tests.swift in Sources */,
			);
			runOnlyForDeploymentPostprocessing = 0;
		};
		74BACABE2A6976DE00114D74 /* Sources */ = {
			isa = PBXSourcesBuildPhase;
			buildActionMask = 2147483647;
			files = (
				74BACAC72A6976DE00114D74 /* customView2UITests.swift in Sources */,
				74BACAC92A6976DE00114D74 /* customView2UITestsLaunchTests.swift in Sources */,
			);
			runOnlyForDeploymentPostprocessing = 0;
		};
/* End PBXSourcesBuildPhase section */

/* Begin PBXTargetDependency section */
		74BACABA2A6976DE00114D74 /* PBXTargetDependency */ = {
			isa = PBXTargetDependency;
			target = 74BACAA12A6976DD00114D74 /* customView2 */;
			targetProxy = 74BACAB92A6976DE00114D74 /* PBXContainerItemProxy */;
		};
		74BACAC42A6976DE00114D74 /* PBXTargetDependency */ = {
			isa = PBXTargetDependency;
			target = 74BACAA12A6976DD00114D74 /* customView2 */;
			targetProxy = 74BACAC32A6976DE00114D74 /* PBXContainerItemProxy */;
		};
/* End PBXTargetDependency section */

/* Begin PBXVariantGroup section */
		74BACAAB2A6976DD00114D74 /* Main.storyboard */ = {
			isa = PBXVariantGroup;
			children = (
				74BACAAC2A6976DD00114D74 /* Base */,
			);
			name = Main.storyboard;
			sourceTree = "<group>";
		};
		74BACAB02A6976DE00114D74 /* LaunchScreen.storyboard */ = {
			isa = PBXVariantGroup;
			children = (
				74BACAB12A6976DE00114D74 /* Base */,
			);
			name = LaunchScreen.storyboard;
			sourceTree = "<group>";
		};
/* End PBXVariantGroup section */

/* Begin XCBuildConfiguration section */
		74BACACA2A6976DE00114D74 /* Debug */ = {
			isa = XCBuildConfiguration;
			buildSettings = {
				ALWAYS_SEARCH_USER_PATHS = NO;
				CLANG_ANALYZER_NONNULL = YES;
				CLANG_ANALYZER_NUMBER_OBJECT_CONVERSION = YES_AGGRESSIVE;
				CLANG_CXX_LANGUAGE_STANDARD = "gnu++20";
				CLANG_ENABLE_MODULES = YES;
				CLANG_ENABLE_OBJC_ARC = YES;
				CLANG_ENABLE_OBJC_WEAK = YES;
				CLANG_WARN_BLOCK_CAPTURE_AUTORELEASING = YES;
				CLANG_WARN_BOOL_CONVERSION = YES;
				CLANG_WARN_COMMA = YES;
				CLANG_WARN_CONSTANT_CONVERSION = YES;
				CLANG_WARN_DEPRECATED_OBJC_IMPLEMENTATIONS = YES;
				CLANG_WARN_DIRECT_OBJC_ISA_USAGE = YES_ERROR;
				CLANG_WARN_DOCUMENTATION_COMMENTS = YES;
				CLANG_WARN_EMPTY_BODY = YES;
				CLANG_WARN_ENUM_CONVERSION = YES;
				CLANG_WARN_INFINITE_RECURSION = YES;
				CLANG_WARN_INT_CONVERSION = YES;
				CLANG_WARN_NON_LITERAL_NULL_CONVERSION = YES;
				CLANG_WARN_OBJC_IMPLICIT_RETAIN_SELF = YES;
				CLANG_WARN_OBJC_LITERAL_CONVERSION = YES;
				CLANG_WARN_OBJC_ROOT_CLASS = YES_ERROR;
				CLANG_WARN_QUOTED_INCLUDE_IN_FRAMEWORK_HEADER = YES;
				CLANG_WARN_RANGE_LOOP_ANALYSIS = YES;
				CLANG_WARN_STRICT_PROTOTYPES = YES;
				CLANG_WARN_SUSPICIOUS_MOVE = YES;
				CLANG_WARN_UNGUARDED_AVAILABILITY = YES_AGGRESSIVE;
				CLANG_WARN_UNREACHABLE_CODE = YES;
				CLANG_WARN__DUPLICATE_METHOD_MATCH = YES;
				COPY_PHASE_STRIP = NO;
				DEBUG_INFORMATION_FORMAT = dwarf;
				ENABLE_STRICT_OBJC_MSGSEND = YES;
				ENABLE_TESTABILITY = YES;
				GCC_C_LANGUAGE_STANDARD = gnu11;
				GCC_DYNAMIC_NO_PIC = NO;
				GCC_NO_COMMON_BLOCKS = YES;
				GCC_OPTIMIZATION_LEVEL = 0;
				GCC_PREPROCESSOR_DEFINITIONS = (
					"DEBUG=1",
					"$(inherited)",
				);
				GCC_WARN_64_TO_32_BIT_CONVERSION = YES;
				GCC_WARN_ABOUT_RETURN_TYPE = YES_ERROR;
				GCC_WARN_UNDECLARED_SELECTOR = YES;
				GCC_WARN_UNINITIALIZED_AUTOS = YES_AGGRESSIVE;
				GCC_WARN_UNUSED_FUNCTION = YES;
				GCC_WARN_UNUSED_VARIABLE = YES;
				IPHONEOS_DEPLOYMENT_TARGET = 16.2;
				MTL_ENABLE_DEBUG_INFO = INCLUDE_SOURCE;
				MTL_FAST_MATH = YES;
				ONLY_ACTIVE_ARCH = YES;
				SDKROOT = iphoneos;
				SWIFT_ACTIVE_COMPILATION_CONDITIONS = DEBUG;
				SWIFT_OPTIMIZATION_LEVEL = "-Onone";
			};
			name = Debug;
		};
		74BACACB2A6976DE00114D74 /* Release */ = {
			isa = XCBuildConfiguration;
			buildSettings = {
				ALWAYS_SEARCH_USER_PATHS = NO;
				CLANG_ANALYZER_NONNULL = YES;
				CLANG_ANALYZER_NUMBER_OBJECT_CONVERSION = YES_AGGRESSIVE;
				CLANG_CXX_LANGUAGE_STANDARD = "gnu++20";
				CLANG_ENABLE_MODULES = YES;
				CLANG_ENABLE_OBJC_ARC = YES;
				CLANG_ENABLE_OBJC_WEAK = YES;
				CLANG_WARN_BLOCK_CAPTURE_AUTORELEASING = YES;
				CLANG_WARN_BOOL_CONVERSION = YES;
				CLANG_WARN_COMMA = YES;
				CLANG_WARN_CONSTANT_CONVERSION = YES;
				CLANG_WARN_DEPRECATED_OBJC_IMPLEMENTATIONS = YES;
				CLANG_WARN_DIRECT_OBJC_ISA_USAGE = YES_ERROR;
				CLANG_WARN_DOCUMENTATION_COMMENTS = YES;
				CLANG_WARN_EMPTY_BODY = YES;
				CLANG_WARN_ENUM_CONVERSION = YES;
				CLANG_WARN_INFINITE_RECURSION = YES;
				CLANG_WARN_INT_CONVERSION = YES;
				CLANG_WARN_NON_LITERAL_NULL_CONVERSION = YES;
				CLANG_WARN_OBJC_IMPLICIT_RETAIN_SELF = YES;
				CLANG_WARN_OBJC_LITERAL_CONVERSION = YES;
				CLANG_WARN_OBJC_ROOT_CLASS = YES_ERROR;
				CLANG_WARN_QUOTED_INCLUDE_IN_FRAMEWORK_HEADER = YES;
				CLANG_WARN_RANGE_LOOP_ANALYSIS = YES;
				CLANG_WARN_STRICT_PROTOTYPES = YES;
				CLANG_WARN_SUSPICIOUS_MOVE = YES;
				CLANG_WARN_UNGUARDED_AVAILABILITY = YES_AGGRESSIVE;
				CLANG_WARN_UNREACHABLE_CODE = YES;
				CLANG_WARN__DUPLICATE_METHOD_MATCH = YES;
				COPY_PHASE_STRIP = NO;
				DEBUG_INFORMATION_FORMAT = "dwarf-with-dsym";
				ENABLE_NS_ASSERTIONS = NO;
				ENABLE_STRICT_OBJC_MSGSEND = YES;
				GCC_C_LANGUAGE_STANDARD = gnu11;
				GCC_NO_COMMON_BLOCKS = YES;
				GCC_WARN_64_TO_32_BIT_CONVERSION = YES;
				GCC_WARN_ABOUT_RETURN_TYPE = YES_ERROR;
				GCC_WARN_UNDECLARED_SELECTOR = YES;
				GCC_WARN_UNINITIALIZED_AUTOS = YES_AGGRESSIVE;
				GCC_WARN_UNUSED_FUNCTION = YES;
				GCC_WARN_UNUSED_VARIABLE = YES;
				IPHONEOS_DEPLOYMENT_TARGET = 16.2;
				MTL_ENABLE_DEBUG_INFO = NO;
				MTL_FAST_MATH = YES;
				SDKROOT = iphoneos;
				SWIFT_COMPILATION_MODE = wholemodule;
				SWIFT_OPTIMIZATION_LEVEL = "-O";
				VALIDATE_PRODUCT = YES;
			};
			name = Release;
		};
		74BACACD2A6976DE00114D74 /* Debug */ = {
			isa = XCBuildConfiguration;
			buildSettings = {
				ASSETCATALOG_COMPILER_APPICON_NAME = AppIcon;
				ASSETCATALOG_COMPILER_GLOBAL_ACCENT_COLOR_NAME = AccentColor;
				CODE_SIGN_STYLE = Automatic;
				CURRENT_PROJECT_VERSION = 1;
				DEVELOPMENT_TEAM = 845GK6SSPF;
				GENERATE_INFOPLIST_FILE = YES;
				INFOPLIST_FILE = customView2/Info.plist;
				INFOPLIST_KEY_UIApplicationSupportsIndirectInputEvents = YES;
				INFOPLIST_KEY_UILaunchStoryboardName = LaunchScreen;
				INFOPLIST_KEY_UIMainStoryboardFile = Main;
				INFOPLIST_KEY_UISupportedInterfaceOrientations_iPad = "UIInterfaceOrientationPortrait UIInterfaceOrientationPortraitUpsideDown UIInterfaceOrientationLandscapeLeft UIInterfaceOrientationLandscapeRight";
				INFOPLIST_KEY_UISupportedInterfaceOrientations_iPhone = "UIInterfaceOrientationPortrait UIInterfaceOrientationLandscapeLeft UIInterfaceOrientationLandscapeRight";
				LD_RUNPATH_SEARCH_PATHS = (
					"$(inherited)",
					"@executable_path/Frameworks",
				);
				MARKETING_VERSION = 1.0;
				PRODUCT_BUNDLE_IDENTIFIER = long.com.customView2;
				PRODUCT_NAME = "$(TARGET_NAME)";
				SWIFT_EMIT_LOC_STRINGS = YES;
				SWIFT_VERSION = 5.0;
				TARGETED_DEVICE_FAMILY = "1,2";
			};
			name = Debug;
		};
		74BACACE2A6976DE00114D74 /* Release */ = {
			isa = XCBuildConfiguration;
			buildSettings = {
				ASSETCATALOG_COMPILER_APPICON_NAME = AppIcon;
				ASSETCATALOG_COMPILER_GLOBAL_ACCENT_COLOR_NAME = AccentColor;
				CODE_SIGN_STYLE = Automatic;
				CURRENT_PROJECT_VERSION = 1;
				DEVELOPMENT_TEAM = 845GK6SSPF;
				GENERATE_INFOPLIST_FILE = YES;
				INFOPLIST_FILE = customView2/Info.plist;
				INFOPLIST_KEY_UIApplicationSupportsIndirectInputEvents = YES;
				INFOPLIST_KEY_UILaunchStoryboardName = LaunchScreen;
				INFOPLIST_KEY_UIMainStoryboardFile = Main;
				INFOPLIST_KEY_UISupportedInterfaceOrientations_iPad = "UIInterfaceOrientationPortrait UIInterfaceOrientationPortraitUpsideDown UIInterfaceOrientationLandscapeLeft UIInterfaceOrientationLandscapeRight";
				INFOPLIST_KEY_UISupportedInterfaceOrientations_iPhone = "UIInterfaceOrientationPortrait UIInterfaceOrientationLandscapeLeft UIInterfaceOrientationLandscapeRight";
				LD_RUNPATH_SEARCH_PATHS = (
					"$(inherited)",
					"@executable_path/Frameworks",
				);
				MARKETING_VERSION = 1.0;
				PRODUCT_BUNDLE_IDENTIFIER = long.com.customView2;
				PRODUCT_NAME = "$(TARGET_NAME)";
				SWIFT_EMIT_LOC_STRINGS = YES;
				SWIFT_VERSION = 5.0;
				TARGETED_DEVICE_FAMILY = "1,2";
			};
			name = Release;
		};
		74BACAD02A6976DE00114D74 /* Debug */ = {
			isa = XCBuildConfiguration;
			buildSettings = {
				ALWAYS_EMBED_SWIFT_STANDARD_LIBRARIES = YES;
				BUNDLE_LOADER = "$(TEST_HOST)";
				CODE_SIGN_STYLE = Automatic;
				CURRENT_PROJECT_VERSION = 1;
				DEVELOPMENT_TEAM = 845GK6SSPF;
				GENERATE_INFOPLIST_FILE = YES;
				IPHONEOS_DEPLOYMENT_TARGET = 16.2;
				MARKETING_VERSION = 1.0;
				PRODUCT_BUNDLE_IDENTIFIER = long.com.customView2Tests;
				PRODUCT_NAME = "$(TARGET_NAME)";
				SWIFT_EMIT_LOC_STRINGS = NO;
				SWIFT_VERSION = 5.0;
				TARGETED_DEVICE_FAMILY = "1,2";
				TEST_HOST = "$(BUILT_PRODUCTS_DIR)/customView2.app/$(BUNDLE_EXECUTABLE_FOLDER_PATH)/customView2";
			};
			name = Debug;
		};
		74BACAD12A6976DE00114D74 /* Release */ = {
			isa = XCBuildConfiguration;
			buildSettings = {
				ALWAYS_EMBED_SWIFT_STANDARD_LIBRARIES = YES;
				BUNDLE_LOADER = "$(TEST_HOST)";
				CODE_SIGN_STYLE = Automatic;
				CURRENT_PROJECT_VERSION = 1;
				DEVELOPMENT_TEAM = 845GK6SSPF;
				GENERATE_INFOPLIST_FILE = YES;
				IPHONEOS_DEPLOYMENT_TARGET = 16.2;
				MARKETING_VERSION = 1.0;
				PRODUCT_BUNDLE_IDENTIFIER = long.com.customView2Tests;
				PRODUCT_NAME = "$(TARGET_NAME)";
				SWIFT_EMIT_LOC_STRINGS = NO;
				SWIFT_VERSION = 5.0;
				TARGETED_DEVICE_FAMILY = "1,2";
				TEST_HOST = "$(BUILT_PRODUCTS_DIR)/customView2.app/$(BUNDLE_EXECUTABLE_FOLDER_PATH)/customView2";
			};
			name = Release;
		};
		74BACAD32A6976DE00114D74 /* Debug */ = {
			isa = XCBuildConfiguration;
			buildSettings = {
				ALWAYS_EMBED_SWIFT_STANDARD_LIBRARIES = YES;
				CODE_SIGN_STYLE = Automatic;
				CURRENT_PROJECT_VERSION = 1;
				DEVELOPMENT_TEAM = 845GK6SSPF;
				GENERATE_INFOPLIST_FILE = YES;
				MARKETING_VERSION = 1.0;
				PRODUCT_BUNDLE_IDENTIFIER = long.com.customView2UITests;
				PRODUCT_NAME = "$(TARGET_NAME)";
				SWIFT_EMIT_LOC_STRINGS = NO;
				SWIFT_VERSION = 5.0;
				TARGETED_DEVICE_FAMILY = "1,2";
				TEST_TARGET_NAME = customView2;
			};
			name = Debug;
		};
		74BACAD42A6976DE00114D74 /* Release */ = {
			isa = XCBuildConfiguration;
			buildSettings = {
				ALWAYS_EMBED_SWIFT_STANDARD_LIBRARIES = YES;
				CODE_SIGN_STYLE = Automatic;
				CURRENT_PROJECT_VERSION = 1;
				DEVELOPMENT_TEAM = 845GK6SSPF;
				GENERATE_INFOPLIST_FILE = YES;
				MARKETING_VERSION = 1.0;
				PRODUCT_BUNDLE_IDENTIFIER = long.com.customView2UITests;
				PRODUCT_NAME = "$(TARGET_NAME)";
				SWIFT_EMIT_LOC_STRINGS = NO;
				SWIFT_VERSION = 5.0;
				TARGETED_DEVICE_FAMILY = "1,2";
				TEST_TARGET_NAME = customView2;
			};
			name = Release;
		};
/* End XCBuildConfiguration section */

/* Begin XCConfigurationList section */
		74BACA9D2A6976DD00114D74 /* Build configuration list for PBXProject "customView2" */ = {
			isa = XCConfigurationList;
			buildConfigurations = (
				74BACACA2A6976DE00114D74 /* Debug */,
				74BACACB2A6976DE00114D74 /* Release */,
			);
			defaultConfigurationIsVisible = 0;
			defaultConfigurationName = Release;
		};
		74BACACC2A6976DE00114D74 /* Build configuration list for PBXNativeTarget "customView2" */ = {
			isa = XCConfigurationList;
			buildConfigurations = (
				74BACACD2A6976DE00114D74 /* Debug */,
				74BACACE2A6976DE00114D74 /* Release */,
			);
			defaultConfigurationIsVisible = 0;
			defaultConfigurationName = Release;
		};
		74BACACF2A6976DE00114D74 /* Build configuration list for PBXNativeTarget "customView2Tests" */ = {
			isa = XCConfigurationList;
			buildConfigurations = (
				74BACAD02A6976DE00114D74 /* Debug */,
				74BACAD12A6976DE00114D74 /* Release */,
			);
			defaultConfigurationIsVisible = 0;
			defaultConfigurationName = Release;
		};
		74BACAD22A6976DE00114D74 /* Build configuration list for PBXNativeTarget "customView2UITests" */ = {
			isa = XCConfigurationList;
			buildConfigurations = (
				74BACAD32A6976DE00114D74 /* Debug */,
				74BACAD42A6976DE00114D74 /* Release */,
			);
			defaultConfigurationIsVisible = 0;
			defaultConfigurationName = Release;
		};
/* End XCConfigurationList section */
	};
	rootObject = 74BACA9A2A6976DD00114D74 /* Project object */;
}
